
Microsoft Visual Studio Solution File, Format Version 12.00
# Visual Studio 2012
Project("{FAE04EC0-301F-11D3-BF4B-00C04F79EFBC}") = "ConsolePOCs", "ConsolePOCs\ConsolePOCs.csproj", "{4BE8E0F8-C3E6-4ED9-9CA0-4F5AD8A3506A}"
EndProject
Project("{FAE04EC0-301F-11D3-BF4B-00C04F79EFBC}") = "utility", "..\utility\utility\utility.csproj", "{4DFC8774-E67D-4EFF-9249-301C0D5EB158}"
EndProject
Project("{FAE04EC0-301F-11D3-BF4B-00C04F79EFBC}") = "CertSigningTest", "CertSigningTest\CertSigningTest.csproj", "{7DD56A11-BAC6-4A9E-8E9D-1F64C2282D07}"
EndProject
Project("{FAE04EC0-301F-11D3-BF4B-00C04F79EFBC}") = "AesEncryptDirectory", "AesEncryptDirectory\AesEncryptDirectory.csproj", "{CEF42752-6B07-44B1-8773-E9393ADB11B6}"
EndProject
Project("{2150E333-8FDC-42A3-9474-1A3956D46DE8}") = "Solution Items", "Solution Items", "{E9EEEA72-B0AD-422A-90A1-5E8D7877AB87}"
	ProjectSection(SolutionItems) = preProject
		CloudInterface = CloudInterface
	EndProjectSection
EndProject
Project("{FAE04EC0-301F-11D3-BF4B-00C04F79EFBC}") = "RAS Tester", "RAS Tester\RAS Tester.csproj", "{8AC73EC3-63F1-4D4D-932C-49C46DF86F0D}"
EndProject
Project("{FAE04EC0-301F-11D3-BF4B-00C04F79EFBC}") = "utility.extra", "..\utility\utility.extra\utility.extra.csproj", "{20FCCCAF-EF9B-48F8-9810-0365985AAEA2}"
EndProject
Project("{FAE04EC0-301F-11D3-BF4B-00C04F79EFBC}") = "CyptoCloud_WS", "CyptoCloud_WS\CyptoCloud_WS.csproj", "{E94DC9F5-FA03-4130-B3EE-D0239A2ED060}"
EndProject
Project("{FAE04EC0-301F-11D3-BF4B-00C04F79EFBC}") = "CryptoCloudLib", "CryptoCloudLib\CryptoCloudLib.csproj", "{D67C6C13-288D-4D00-837A-0F3417A0AC35}"
EndProject
Project("{FAE04EC0-301F-11D3-BF4B-00C04F79EFBC}") = "ClientConsoleApplication", "ClientConsoleApplication\ClientConsoleApplication.csproj", "{AECCD69B-4B60-46CC-857E-D1399C667B82}"
	ProjectSection(ProjectDependencies) = postProject
		{E94DC9F5-FA03-4130-B3EE-D0239A2ED060} = {E94DC9F5-FA03-4130-B3EE-D0239A2ED060}
	EndProjectSection
EndProject
Project("{FAE04EC0-301F-11D3-BF4B-00C04F79EFBC}") = "ClientWindowsFormsApplication", "ClientWindowsFormsApplication\ClientWindowsFormsApplication.csproj", "{A40EB0E1-096F-45BF-B78C-D83F43348792}"
EndProject
Project("{FAE04EC0-301F-11D3-BF4B-00C04F79EFBC}") = "ClientWebApplication", "ClientWebApplication\ClientWebApplication.csproj", "{71CAF1B2-C321-4A66-9A7F-0E4B912C6339}"
EndProject
Project("{FAE04EC0-301F-11D3-BF4B-00C04F79EFBC}") = "LowLevelDataAPI", "LowLevelDataAPI\LowLevelDataAPI.csproj", "{15B3E0D2-6217-493A-A690-158C497F5318}"
EndProject
Global
	GlobalSection(SolutionConfigurationPlatforms) = preSolution
		Debug|Any CPU = Debug|Any CPU
		Deploy_Debug|Any CPU = Deploy_Debug|Any CPU
		Release|Any CPU = Release|Any CPU
	EndGlobalSection
	GlobalSection(ProjectConfigurationPlatforms) = postSolution
		{4BE8E0F8-C3E6-4ED9-9CA0-4F5AD8A3506A}.Debug|Any CPU.ActiveCfg = Debug|Any CPU
		{4BE8E0F8-C3E6-4ED9-9CA0-4F5AD8A3506A}.Debug|Any CPU.Build.0 = Debug|Any CPU
		{4BE8E0F8-C3E6-4ED9-9CA0-4F5AD8A3506A}.Deploy_Debug|Any CPU.ActiveCfg = Debug|Any CPU
		{4BE8E0F8-C3E6-4ED9-9CA0-4F5AD8A3506A}.Deploy_Debug|Any CPU.Build.0 = Debug|Any CPU
		{4BE8E0F8-C3E6-4ED9-9CA0-4F5AD8A3506A}.Release|Any CPU.ActiveCfg = Release|Any CPU
		{4BE8E0F8-C3E6-4ED9-9CA0-4F5AD8A3506A}.Release|Any CPU.Build.0 = Release|Any CPU
		{4DFC8774-E67D-4EFF-9249-301C0D5EB158}.Debug|Any CPU.ActiveCfg = Debug|Any CPU
		{4DFC8774-E67D-4EFF-9249-301C0D5EB158}.Debug|Any CPU.Build.0 = Debug|Any CPU
		{4DFC8774-E67D-4EFF-9249-301C0D5EB158}.Deploy_Debug|Any CPU.ActiveCfg = Deploy_Debug|Any CPU
		{4DFC8774-E67D-4EFF-9249-301C0D5EB158}.Deploy_Debug|Any CPU.Build.0 = Deploy_Debug|Any CPU
		{4DFC8774-E67D-4EFF-9249-301C0D5EB158}.Release|Any CPU.ActiveCfg = Release|Any CPU
		{4DFC8774-E67D-4EFF-9249-301C0D5EB158}.Release|Any CPU.Build.0 = Release|Any CPU
		{7DD56A11-BAC6-4A9E-8E9D-1F64C2282D07}.Debug|Any CPU.ActiveCfg = Debug|Any CPU
		{7DD56A11-BAC6-4A9E-8E9D-1F64C2282D07}.Debug|Any CPU.Build.0 = Debug|Any CPU
		{7DD56A11-BAC6-4A9E-8E9D-1F64C2282D07}.Deploy_Debug|Any CPU.ActiveCfg = Debug|Any CPU
		{7DD56A11-BAC6-4A9E-8E9D-1F64C2282D07}.Deploy_Debug|Any CPU.Build.0 = Debug|Any CPU
		{7DD56A11-BAC6-4A9E-8E9D-1F64C2282D07}.Release|Any CPU.ActiveCfg = Release|Any CPU
		{7DD56A11-BAC6-4A9E-8E9D-1F64C2282D07}.Release|Any CPU.Build.0 = Release|Any CPU
		{CEF42752-6B07-44B1-8773-E9393ADB11B6}.Debug|Any CPU.ActiveCfg = Debug|Any CPU
		{CEF42752-6B07-44B1-8773-E9393ADB11B6}.Debug|Any CPU.Build.0 = Debug|Any CPU
		{CEF42752-6B07-44B1-8773-E9393ADB11B6}.Deploy_Debug|Any CPU.ActiveCfg = Debug|Any CPU
		{CEF42752-6B07-44B1-8773-E9393ADB11B6}.Deploy_Debug|Any CPU.Build.0 = Debug|Any CPU
		{CEF42752-6B07-44B1-8773-E9393ADB11B6}.Release|Any CPU.ActiveCfg = Release|Any CPU
		{CEF42752-6B07-44B1-8773-E9393ADB11B6}.Release|Any CPU.Build.0 = Release|Any CPU
		{8AC73EC3-63F1-4D4D-932C-49C46DF86F0D}.Debug|Any CPU.ActiveCfg = Debug|Any CPU
		{8AC73EC3-63F1-4D4D-932C-49C46DF86F0D}.Debug|Any CPU.Build.0 = Debug|Any CPU
		{8AC73EC3-63F1-4D4D-932C-49C46DF86F0D}.Deploy_Debug|Any CPU.ActiveCfg = Debug|Any CPU
		{8AC73EC3-63F1-4D4D-932C-49C46DF86F0D}.Deploy_Debug|Any CPU.Build.0 = Debug|Any CPU
		{8AC73EC3-63F1-4D4D-932C-49C46DF86F0D}.Release|Any CPU.ActiveCfg = Release|Any CPU
		{8AC73EC3-63F1-4D4D-932C-49C46DF86F0D}.Release|Any CPU.Build.0 = Release|Any CPU
		{20FCCCAF-EF9B-48F8-9810-0365985AAEA2}.Debug|Any CPU.ActiveCfg = Debug|Any CPU
		{20FCCCAF-EF9B-48F8-9810-0365985AAEA2}.Debug|Any CPU.Build.0 = Debug|Any CPU
		{20FCCCAF-EF9B-48F8-9810-0365985AAEA2}.Deploy_Debug|Any CPU.ActiveCfg = Debug|Any CPU
		{20FCCCAF-EF9B-48F8-9810-0365985AAEA2}.Deploy_Debug|Any CPU.Build.0 = Debug|Any CPU
		{20FCCCAF-EF9B-48F8-9810-0365985AAEA2}.Release|Any CPU.ActiveCfg = Release|Any CPU
		{20FCCCAF-EF9B-48F8-9810-0365985AAEA2}.Release|Any CPU.Build.0 = Release|Any CPU
		{E94DC9F5-FA03-4130-B3EE-D0239A2ED060}.Debug|Any CPU.ActiveCfg = Debug|Any CPU
		{E94DC9F5-FA03-4130-B3EE-D0239A2ED060}.Debug|Any CPU.Build.0 = Debug|Any CPU
		{E94DC9F5-FA03-4130-B3EE-D0239A2ED060}.Deploy_Debug|Any CPU.ActiveCfg = Debug|Any CPU
		{E94DC9F5-FA03-4130-B3EE-D0239A2ED060}.Deploy_Debug|Any CPU.Build.0 = Debug|Any CPU
		{E94DC9F5-FA03-4130-B3EE-D0239A2ED060}.Release|Any CPU.ActiveCfg = Release|Any CPU
		{E94DC9F5-FA03-4130-B3EE-D0239A2ED060}.Release|Any CPU.Build.0 = Release|Any CPU
		{D67C6C13-288D-4D00-837A-0F3417A0AC35}.Debug|Any CPU.ActiveCfg = Debug|Any CPU
		{D67C6C13-288D-4D00-837A-0F3417A0AC35}.Debug|Any CPU.Build.0 = Debug|Any CPU
		{D67C6C13-288D-4D00-837A-0F3417A0AC35}.Deploy_Debug|Any CPU.ActiveCfg = Debug|Any CPU
		{D67C6C13-288D-4D00-837A-0F3417A0AC35}.Deploy_Debug|Any CPU.Build.0 = Debug|Any CPU
		{D67C6C13-288D-4D00-837A-0F3417A0AC35}.Release|Any CPU.ActiveCfg = Release|Any CPU
		{D67C6C13-288D-4D00-837A-0F3417A0AC35}.Release|Any CPU.Build.0 = Release|Any CPU
		{AECCD69B-4B60-46CC-857E-D1399C667B82}.Debug|Any CPU.ActiveCfg = Debug|Any CPU
		{AECCD69B-4B60-46CC-857E-D1399C667B82}.Debug|Any CPU.Build.0 = Debug|Any CPU
		{AECCD69B-4B60-46CC-857E-D1399C667B82}.Deploy_Debug|Any CPU.ActiveCfg = Debug|Any CPU
		{AECCD69B-4B60-46CC-857E-D1399C667B82}.Deploy_Debug|Any CPU.Build.0 = Debug|Any CPU
		{AECCD69B-4B60-46CC-857E-D1399C667B82}.Release|Any CPU.ActiveCfg = Release|Any CPU
		{AECCD69B-4B60-46CC-857E-D1399C667B82}.Release|Any CPU.Build.0 = Release|Any CPU
		{A40EB0E1-096F-45BF-B78C-D83F43348792}.Debug|Any CPU.ActiveCfg = Debug|Any CPU
		{A40EB0E1-096F-45BF-B78C-D83F43348792}.Debug|Any CPU.Build.0 = Debug|Any CPU
		{A40EB0E1-096F-45BF-B78C-D83F43348792}.Deploy_Debug|Any CPU.ActiveCfg = Debug|Any CPU
		{A40EB0E1-096F-45BF-B78C-D83F43348792}.Deploy_Debug|Any CPU.Build.0 = Debug|Any CPU
		{A40EB0E1-096F-45BF-B78C-D83F43348792}.Release|Any CPU.ActiveCfg = Release|Any CPU
		{A40EB0E1-096F-45BF-B78C-D83F43348792}.Release|Any CPU.Build.0 = Release|Any CPU
		{71CAF1B2-C321-4A66-9A7F-0E4B912C6339}.Debug|Any CPU.ActiveCfg = Debug|Any CPU
		{71CAF1B2-C321-4A66-9A7F-0E4B912C6339}.Debug|Any CPU.Build.0 = Debug|Any CPU
		{71CAF1B2-C321-4A66-9A7F-0E4B912C6339}.Deploy_Debug|Any CPU.ActiveCfg = Debug|Any CPU
		{71CAF1B2-C321-4A66-9A7F-0E4B912C6339}.Deploy_Debug|Any CPU.Build.0 = Debug|Any CPU
		{71CAF1B2-C321-4A66-9A7F-0E4B912C6339}.Release|Any CPU.ActiveCfg = Release|Any CPU
		{71CAF1B2-C321-4A66-9A7F-0E4B912C6339}.Release|Any CPU.Build.0 = Release|Any CPU
		{15B3E0D2-6217-493A-A690-158C497F5318}.Debug|Any CPU.ActiveCfg = Debug|Any CPU
		{15B3E0D2-6217-493A-A690-158C497F5318}.Debug|Any CPU.Build.0 = Debug|Any CPU
		{15B3E0D2-6217-493A-A690-158C497F5318}.Deploy_Debug|Any CPU.ActiveCfg = Debug|Any CPU
		{15B3E0D2-6217-493A-A690-158C497F5318}.Deploy_Debug|Any CPU.Build.0 = Debug|Any CPU
		{15B3E0D2-6217-493A-A690-158C497F5318}.Release|Any CPU.ActiveCfg = Release|Any CPU
		{15B3E0D2-6217-493A-A690-158C497F5318}.Release|Any CPU.Build.0 = Release|Any CPU
	EndGlobalSection
	GlobalSection(SolutionProperties) = preSolution
		HideSolutionNode = FALSE
	EndGlobalSection
EndGlobal
