
Microsoft Visual Studio Solution File, Format Version 12.00
# Visual Studio 2012
Project("{FAE04EC0-301F-11D3-BF4B-00C04F79EFBC}") = "ConsolePOCs", "ConsolePOCs\ConsolePOCs.csproj", "{4BE8E0F8-C3E6-4ED9-9CA0-4F5AD8A3506A}"
EndProject
Project("{FAE04EC0-301F-11D3-BF4B-00C04F79EFBC}") = "utility", "..\utility\utility\utility.csproj", "{4DFC8774-E67D-4EFF-9249-301C0D5EB158}"
EndProject
Project("{FAE04EC0-301F-11D3-BF4B-00C04F79EFBC}") = "CertSigningTest", "CertSigningTest\CertSigningTest.csproj", "{7DD56A11-BAC6-4A9E-8E9D-1F64C2282D07}"
EndProject
Project("{FAE04EC0-301F-11D3-BF4B-00C04F79EFBC}") = "AesEncryptDirectory", "AesEncryptDirectory\AesEncryptDirectory.csproj", "{CEF42752-6B07-44B1-8773-E9393ADB11B6}"
EndProject
Project("{2150E333-8FDC-42A3-9474-1A3956D46DE8}") = "Solution Items", "Solution Items", "{E9EEEA72-B0AD-422A-90A1-5E8D7877AB87}"
	ProjectSection(SolutionItems) = preProject
		CloudInterface = CloudInterface
		Paths.txt = Paths.txt
	EndProjectSection
EndProject
Project("{FAE04EC0-301F-11D3-BF4B-00C04F79EFBC}") = "utility.extra", "..\utility\utility.extra\utility.extra.csproj", "{20FCCCAF-EF9B-48F8-9810-0365985AAEA2}"
EndProject
Project("{FAE04EC0-301F-11D3-BF4B-00C04F79EFBC}") = "CyptoCloud_WS", "CyptoCloud_WS\CyptoCloud_WS.csproj", "{E94DC9F5-FA03-4130-B3EE-D0239A2ED060}"
EndProject
Project("{FAE04EC0-301F-11D3-BF4B-00C04F79EFBC}") = "ClientConsoleApplication", "ClientConsoleApplication\ClientConsoleApplication.csproj", "{AECCD69B-4B60-46CC-857E-D1399C667B82}"
	ProjectSection(ProjectDependencies) = postProject
		{E94DC9F5-FA03-4130-B3EE-D0239A2ED060} = {E94DC9F5-FA03-4130-B3EE-D0239A2ED060}
	EndProjectSection
EndProject
Project("{FAE04EC0-301F-11D3-BF4B-00C04F79EFBC}") = "ClientWindowsFormsApplication", "ClientWindowsFormsApplication\ClientWindowsFormsApplication.csproj", "{A40EB0E1-096F-45BF-B78C-D83F43348792}"
	ProjectSection(ProjectDependencies) = postProject
		{E94DC9F5-FA03-4130-B3EE-D0239A2ED060} = {E94DC9F5-FA03-4130-B3EE-D0239A2ED060}
	EndProjectSection
EndProject
Project("{FAE04EC0-301F-11D3-BF4B-00C04F79EFBC}") = "XmlTesting", "XmlTesting\XmlTesting.csproj", "{DBCB96E4-45C2-44EE-97F1-FB725366B69A}"
EndProject
Project("{FAE04EC0-301F-11D3-BF4B-00C04F79EFBC}") = "Create_N_LEN_File", "Create_N_LEN_File\Create_N_LEN_File.csproj", "{1494489E-F4F8-4744-BBBC-F089115E5F9B}"
EndProject
Project("{FAE04EC0-301F-11D3-BF4B-00C04F79EFBC}") = "RSA Tester", "RSA Tester\RSA Tester.csproj", "{8AC73EC3-63F1-4D4D-932C-49C46DF86F0D}"
EndProject
Project("{8BC9CEB8-8B4A-11D0-8D11-00A0C91BC942}") = "SecureDataCPP", "SecureDataCPP\SecureDataCPP.vcxproj", "{9E9E590B-C33E-4453-B47D-997FF1D3B622}"
EndProject
Project("{FAE04EC0-301F-11D3-BF4B-00C04F79EFBC}") = "SecureStorageLib", "SecureStorageLib\SecureStorageLib.csproj", "{668C34D7-2D2E-4F8E-98D2-DCAA36FF850C}"
EndProject
Project("{FAE04EC0-301F-11D3-BF4B-00C04F79EFBC}") = "SecureStorageClient", "SecureStorageClient\SecureStorageClient.csproj", "{EDB48F9D-0428-420B-B94F-B98E65AD1ADC}"
	ProjectSection(ProjectDependencies) = postProject
		{66D6CD5B-413F-45C1-AF3B-817E0BFD6EC7} = {66D6CD5B-413F-45C1-AF3B-817E0BFD6EC7}
	EndProjectSection
EndProject
Project("{FAE04EC0-301F-11D3-BF4B-00C04F79EFBC}") = "ConsoleGenericPOC", "ConsoleGenericPOC\ConsoleGenericPOC.csproj", "{5C1354D6-44D3-4654-BEAE-F64D2C141D7D}"
EndProject
Project("{FAE04EC0-301F-11D3-BF4B-00C04F79EFBC}") = "ArraySegmentPOC", "ArraySegmentPOC\ArraySegmentPOC.csproj", "{DDC0A1CE-4E45-4119-BAD3-878843FAFC78}"
EndProject
Project("{FAE04EC0-301F-11D3-BF4B-00C04F79EFBC}") = "TimeSpanPOC", "TimeSpanPOC\TimeSpanPOC.csproj", "{EA51B45D-3FC3-44C7-A000-566F9C8B4500}"
EndProject
Project("{FAE04EC0-301F-11D3-BF4B-00C04F79EFBC}") = "SecureStorageWebService", "SecureStorageWebService\SecureStorageWebService.csproj", "{66D6CD5B-413F-45C1-AF3B-817E0BFD6EC7}"
EndProject
Project("{FAE04EC0-301F-11D3-BF4B-00C04F79EFBC}") = "SecureStorageTesting", "SecureStorageTesting\SecureStorageTesting.csproj", "{AE84A91C-9D5A-4BF1-9E30-B9474FF1014D}"
EndProject
Project("{FAE04EC0-301F-11D3-BF4B-00C04F79EFBC}") = "HashingAlgorithms", "HashingAlgorithms\HashingAlgorithms.csproj", "{FE5A59BB-0BBC-45C3-AD58-F3009601E2C2}"
EndProject
Project("{FAE04EC0-301F-11D3-BF4B-00C04F79EFBC}") = "HashingAlgorithmsTests", "HashingAlgorithmsTest\HashingAlgorithmsTests.csproj", "{029E1218-86AD-4925-BA09-B7146050124C}"
EndProject
Project("{8BC9CEB8-8B4A-11D0-8D11-00A0C91BC942}") = "OpenSSLConsolePOC", "OpenSSLConsolePOC\OpenSSLConsolePOC.vcxproj", "{37239AE6-01AA-472D-8E85-6291028287E6}"
EndProject
Project("{FAE04EC0-301F-11D3-BF4B-00C04F79EFBC}") = "RFC3394", "RFC3394\RFC3394.csproj", "{D63DDEEA-18F6-4347-AF0B-41B4A52F35A9}"
EndProject
Project("{FAE04EC0-301F-11D3-BF4B-00C04F79EFBC}") = "RFC3394Tests", "RFC3394\Tests\RFC3394Tests.csproj", "{70920E0E-AA5B-4988-B210-DF9F59044C9E}"
EndProject
Project("{8BC9CEB8-8B4A-11D0-8D11-00A0C91BC942}") = "SHAConsoleApplication", "SHAConsoleApplication\SHAConsoleApplication.vcxproj", "{AAD18DC6-D1A4-4423-B86A-78A92955E6D7}"
EndProject
Project("{8BC9CEB8-8B4A-11D0-8D11-00A0C91BC942}") = "SHACmpConsoleApplication", "SHACmpConsoleApplication\SHACmpConsoleApplication.vcxproj", "{1A09C298-EA12-40DB-B21D-00ADC32441FB}"
EndProject
Project("{8BC9CEB8-8B4A-11D0-8D11-00A0C91BC942}") = "SHATestConsoleApplication", "SHATestConsoleApplication\SHATestConsoleApplication.vcxproj", "{ED83BC7D-3F5C-44EE-B00D-69E7481F5032}"
EndProject
Project("{FAE04EC0-301F-11D3-BF4B-00C04F79EFBC}") = "SecureStorageBufferLib", "SecureStorageBufferLib\SecureStorageBufferLib.csproj", "{86396355-B4B2-4C7A-BF0E-A1FE62E2E2DE}"
EndProject
Project("{8BC9CEB8-8B4A-11D0-8D11-00A0C91BC942}") = "OpenSSL_SHA256_Example", "OpenSSL_SHA256_Example\OpenSSL_SHA256_Example.vcxproj", "{2C0C17E7-DFE5-4BAA-950D-43F173872FEA}"
EndProject
Global
	GlobalSection(SolutionConfigurationPlatforms) = preSolution
		Debug|Any CPU = Debug|Any CPU
		Debug|Mixed Platforms = Debug|Mixed Platforms
		Debug|Win32 = Debug|Win32
		Deploy_Debug|Any CPU = Deploy_Debug|Any CPU
		Deploy_Debug|Mixed Platforms = Deploy_Debug|Mixed Platforms
		Deploy_Debug|Win32 = Deploy_Debug|Win32
		Release|Any CPU = Release|Any CPU
		Release|Mixed Platforms = Release|Mixed Platforms
		Release|Win32 = Release|Win32
	EndGlobalSection
	GlobalSection(ProjectConfigurationPlatforms) = postSolution
		{4BE8E0F8-C3E6-4ED9-9CA0-4F5AD8A3506A}.Debug|Any CPU.ActiveCfg = Debug|Any CPU
		{4BE8E0F8-C3E6-4ED9-9CA0-4F5AD8A3506A}.Debug|Any CPU.Build.0 = Debug|Any CPU
		{4BE8E0F8-C3E6-4ED9-9CA0-4F5AD8A3506A}.Debug|Mixed Platforms.ActiveCfg = Debug|Any CPU
		{4BE8E0F8-C3E6-4ED9-9CA0-4F5AD8A3506A}.Debug|Win32.ActiveCfg = Debug|Any CPU
		{4BE8E0F8-C3E6-4ED9-9CA0-4F5AD8A3506A}.Deploy_Debug|Any CPU.ActiveCfg = Debug|Any CPU
		{4BE8E0F8-C3E6-4ED9-9CA0-4F5AD8A3506A}.Deploy_Debug|Any CPU.Build.0 = Debug|Any CPU
		{4BE8E0F8-C3E6-4ED9-9CA0-4F5AD8A3506A}.Deploy_Debug|Mixed Platforms.ActiveCfg = Debug|Any CPU
		{4BE8E0F8-C3E6-4ED9-9CA0-4F5AD8A3506A}.Deploy_Debug|Mixed Platforms.Build.0 = Debug|Any CPU
		{4BE8E0F8-C3E6-4ED9-9CA0-4F5AD8A3506A}.Deploy_Debug|Win32.ActiveCfg = Debug|Any CPU
		{4BE8E0F8-C3E6-4ED9-9CA0-4F5AD8A3506A}.Release|Any CPU.ActiveCfg = Release|Any CPU
		{4BE8E0F8-C3E6-4ED9-9CA0-4F5AD8A3506A}.Release|Any CPU.Build.0 = Release|Any CPU
		{4BE8E0F8-C3E6-4ED9-9CA0-4F5AD8A3506A}.Release|Mixed Platforms.ActiveCfg = Release|Any CPU
		{4BE8E0F8-C3E6-4ED9-9CA0-4F5AD8A3506A}.Release|Mixed Platforms.Build.0 = Release|Any CPU
		{4BE8E0F8-C3E6-4ED9-9CA0-4F5AD8A3506A}.Release|Win32.ActiveCfg = Release|Any CPU
		{4DFC8774-E67D-4EFF-9249-301C0D5EB158}.Debug|Any CPU.ActiveCfg = Debug|Any CPU
		{4DFC8774-E67D-4EFF-9249-301C0D5EB158}.Debug|Any CPU.Build.0 = Debug|Any CPU
		{4DFC8774-E67D-4EFF-9249-301C0D5EB158}.Debug|Mixed Platforms.ActiveCfg = Debug|Any CPU
		{4DFC8774-E67D-4EFF-9249-301C0D5EB158}.Debug|Mixed Platforms.Build.0 = Debug|Any CPU
		{4DFC8774-E67D-4EFF-9249-301C0D5EB158}.Debug|Win32.ActiveCfg = Debug|Any CPU
		{4DFC8774-E67D-4EFF-9249-301C0D5EB158}.Deploy_Debug|Any CPU.ActiveCfg = Deploy_Debug|Any CPU
		{4DFC8774-E67D-4EFF-9249-301C0D5EB158}.Deploy_Debug|Any CPU.Build.0 = Deploy_Debug|Any CPU
		{4DFC8774-E67D-4EFF-9249-301C0D5EB158}.Deploy_Debug|Mixed Platforms.ActiveCfg = Deploy_Debug|Any CPU
		{4DFC8774-E67D-4EFF-9249-301C0D5EB158}.Deploy_Debug|Mixed Platforms.Build.0 = Deploy_Debug|Any CPU
		{4DFC8774-E67D-4EFF-9249-301C0D5EB158}.Deploy_Debug|Win32.ActiveCfg = Deploy_Debug|Any CPU
		{4DFC8774-E67D-4EFF-9249-301C0D5EB158}.Release|Any CPU.ActiveCfg = Release|Any CPU
		{4DFC8774-E67D-4EFF-9249-301C0D5EB158}.Release|Any CPU.Build.0 = Release|Any CPU
		{4DFC8774-E67D-4EFF-9249-301C0D5EB158}.Release|Mixed Platforms.ActiveCfg = Release|Any CPU
		{4DFC8774-E67D-4EFF-9249-301C0D5EB158}.Release|Mixed Platforms.Build.0 = Release|Any CPU
		{4DFC8774-E67D-4EFF-9249-301C0D5EB158}.Release|Win32.ActiveCfg = Release|Any CPU
		{7DD56A11-BAC6-4A9E-8E9D-1F64C2282D07}.Debug|Any CPU.ActiveCfg = Debug|Any CPU
		{7DD56A11-BAC6-4A9E-8E9D-1F64C2282D07}.Debug|Any CPU.Build.0 = Debug|Any CPU
		{7DD56A11-BAC6-4A9E-8E9D-1F64C2282D07}.Debug|Mixed Platforms.ActiveCfg = Debug|Any CPU
		{7DD56A11-BAC6-4A9E-8E9D-1F64C2282D07}.Debug|Mixed Platforms.Build.0 = Debug|Any CPU
		{7DD56A11-BAC6-4A9E-8E9D-1F64C2282D07}.Debug|Win32.ActiveCfg = Debug|Any CPU
		{7DD56A11-BAC6-4A9E-8E9D-1F64C2282D07}.Deploy_Debug|Any CPU.ActiveCfg = Debug|Any CPU
		{7DD56A11-BAC6-4A9E-8E9D-1F64C2282D07}.Deploy_Debug|Any CPU.Build.0 = Debug|Any CPU
		{7DD56A11-BAC6-4A9E-8E9D-1F64C2282D07}.Deploy_Debug|Mixed Platforms.ActiveCfg = Debug|Any CPU
		{7DD56A11-BAC6-4A9E-8E9D-1F64C2282D07}.Deploy_Debug|Mixed Platforms.Build.0 = Debug|Any CPU
		{7DD56A11-BAC6-4A9E-8E9D-1F64C2282D07}.Deploy_Debug|Win32.ActiveCfg = Debug|Any CPU
		{7DD56A11-BAC6-4A9E-8E9D-1F64C2282D07}.Release|Any CPU.ActiveCfg = Release|Any CPU
		{7DD56A11-BAC6-4A9E-8E9D-1F64C2282D07}.Release|Any CPU.Build.0 = Release|Any CPU
		{7DD56A11-BAC6-4A9E-8E9D-1F64C2282D07}.Release|Mixed Platforms.ActiveCfg = Release|Any CPU
		{7DD56A11-BAC6-4A9E-8E9D-1F64C2282D07}.Release|Mixed Platforms.Build.0 = Release|Any CPU
		{7DD56A11-BAC6-4A9E-8E9D-1F64C2282D07}.Release|Win32.ActiveCfg = Release|Any CPU
		{CEF42752-6B07-44B1-8773-E9393ADB11B6}.Debug|Any CPU.ActiveCfg = Debug|Any CPU
		{CEF42752-6B07-44B1-8773-E9393ADB11B6}.Debug|Any CPU.Build.0 = Debug|Any CPU
		{CEF42752-6B07-44B1-8773-E9393ADB11B6}.Debug|Mixed Platforms.ActiveCfg = Debug|Any CPU
		{CEF42752-6B07-44B1-8773-E9393ADB11B6}.Debug|Mixed Platforms.Build.0 = Debug|Any CPU
		{CEF42752-6B07-44B1-8773-E9393ADB11B6}.Debug|Win32.ActiveCfg = Debug|Any CPU
		{CEF42752-6B07-44B1-8773-E9393ADB11B6}.Deploy_Debug|Any CPU.ActiveCfg = Debug|Any CPU
		{CEF42752-6B07-44B1-8773-E9393ADB11B6}.Deploy_Debug|Any CPU.Build.0 = Debug|Any CPU
		{CEF42752-6B07-44B1-8773-E9393ADB11B6}.Deploy_Debug|Mixed Platforms.ActiveCfg = Debug|Any CPU
		{CEF42752-6B07-44B1-8773-E9393ADB11B6}.Deploy_Debug|Mixed Platforms.Build.0 = Debug|Any CPU
		{CEF42752-6B07-44B1-8773-E9393ADB11B6}.Deploy_Debug|Win32.ActiveCfg = Debug|Any CPU
		{CEF42752-6B07-44B1-8773-E9393ADB11B6}.Release|Any CPU.ActiveCfg = Release|Any CPU
		{CEF42752-6B07-44B1-8773-E9393ADB11B6}.Release|Any CPU.Build.0 = Release|Any CPU
		{CEF42752-6B07-44B1-8773-E9393ADB11B6}.Release|Mixed Platforms.ActiveCfg = Release|Any CPU
		{CEF42752-6B07-44B1-8773-E9393ADB11B6}.Release|Mixed Platforms.Build.0 = Release|Any CPU
		{CEF42752-6B07-44B1-8773-E9393ADB11B6}.Release|Win32.ActiveCfg = Release|Any CPU
		{20FCCCAF-EF9B-48F8-9810-0365985AAEA2}.Debug|Any CPU.ActiveCfg = Debug|Any CPU
		{20FCCCAF-EF9B-48F8-9810-0365985AAEA2}.Debug|Any CPU.Build.0 = Debug|Any CPU
		{20FCCCAF-EF9B-48F8-9810-0365985AAEA2}.Debug|Mixed Platforms.ActiveCfg = Debug|Any CPU
		{20FCCCAF-EF9B-48F8-9810-0365985AAEA2}.Debug|Mixed Platforms.Build.0 = Debug|Any CPU
		{20FCCCAF-EF9B-48F8-9810-0365985AAEA2}.Debug|Win32.ActiveCfg = Debug|Any CPU
		{20FCCCAF-EF9B-48F8-9810-0365985AAEA2}.Deploy_Debug|Any CPU.ActiveCfg = Debug|Any CPU
		{20FCCCAF-EF9B-48F8-9810-0365985AAEA2}.Deploy_Debug|Any CPU.Build.0 = Debug|Any CPU
		{20FCCCAF-EF9B-48F8-9810-0365985AAEA2}.Deploy_Debug|Mixed Platforms.ActiveCfg = Debug|Any CPU
		{20FCCCAF-EF9B-48F8-9810-0365985AAEA2}.Deploy_Debug|Mixed Platforms.Build.0 = Debug|Any CPU
		{20FCCCAF-EF9B-48F8-9810-0365985AAEA2}.Deploy_Debug|Win32.ActiveCfg = Debug|Any CPU
		{20FCCCAF-EF9B-48F8-9810-0365985AAEA2}.Release|Any CPU.ActiveCfg = Release|Any CPU
		{20FCCCAF-EF9B-48F8-9810-0365985AAEA2}.Release|Any CPU.Build.0 = Release|Any CPU
		{20FCCCAF-EF9B-48F8-9810-0365985AAEA2}.Release|Mixed Platforms.ActiveCfg = Release|Any CPU
		{20FCCCAF-EF9B-48F8-9810-0365985AAEA2}.Release|Mixed Platforms.Build.0 = Release|Any CPU
		{20FCCCAF-EF9B-48F8-9810-0365985AAEA2}.Release|Win32.ActiveCfg = Release|Any CPU
		{E94DC9F5-FA03-4130-B3EE-D0239A2ED060}.Debug|Any CPU.ActiveCfg = Debug|Any CPU
		{E94DC9F5-FA03-4130-B3EE-D0239A2ED060}.Debug|Any CPU.Build.0 = Debug|Any CPU
		{E94DC9F5-FA03-4130-B3EE-D0239A2ED060}.Debug|Mixed Platforms.ActiveCfg = Debug|Any CPU
		{E94DC9F5-FA03-4130-B3EE-D0239A2ED060}.Debug|Win32.ActiveCfg = Debug|Any CPU
		{E94DC9F5-FA03-4130-B3EE-D0239A2ED060}.Deploy_Debug|Any CPU.ActiveCfg = Debug|Any CPU
		{E94DC9F5-FA03-4130-B3EE-D0239A2ED060}.Deploy_Debug|Any CPU.Build.0 = Debug|Any CPU
		{E94DC9F5-FA03-4130-B3EE-D0239A2ED060}.Deploy_Debug|Mixed Platforms.ActiveCfg = Debug|Any CPU
		{E94DC9F5-FA03-4130-B3EE-D0239A2ED060}.Deploy_Debug|Mixed Platforms.Build.0 = Debug|Any CPU
		{E94DC9F5-FA03-4130-B3EE-D0239A2ED060}.Deploy_Debug|Win32.ActiveCfg = Debug|Any CPU
		{E94DC9F5-FA03-4130-B3EE-D0239A2ED060}.Release|Any CPU.ActiveCfg = Release|Any CPU
		{E94DC9F5-FA03-4130-B3EE-D0239A2ED060}.Release|Any CPU.Build.0 = Release|Any CPU
		{E94DC9F5-FA03-4130-B3EE-D0239A2ED060}.Release|Mixed Platforms.ActiveCfg = Release|Any CPU
		{E94DC9F5-FA03-4130-B3EE-D0239A2ED060}.Release|Mixed Platforms.Build.0 = Release|Any CPU
		{E94DC9F5-FA03-4130-B3EE-D0239A2ED060}.Release|Win32.ActiveCfg = Release|Any CPU
		{AECCD69B-4B60-46CC-857E-D1399C667B82}.Debug|Any CPU.ActiveCfg = Debug|Any CPU
		{AECCD69B-4B60-46CC-857E-D1399C667B82}.Debug|Any CPU.Build.0 = Debug|Any CPU
		{AECCD69B-4B60-46CC-857E-D1399C667B82}.Debug|Mixed Platforms.ActiveCfg = Debug|Any CPU
		{AECCD69B-4B60-46CC-857E-D1399C667B82}.Debug|Mixed Platforms.Build.0 = Debug|Any CPU
		{AECCD69B-4B60-46CC-857E-D1399C667B82}.Debug|Win32.ActiveCfg = Debug|Any CPU
		{AECCD69B-4B60-46CC-857E-D1399C667B82}.Deploy_Debug|Any CPU.ActiveCfg = Debug|Any CPU
		{AECCD69B-4B60-46CC-857E-D1399C667B82}.Deploy_Debug|Any CPU.Build.0 = Debug|Any CPU
		{AECCD69B-4B60-46CC-857E-D1399C667B82}.Deploy_Debug|Mixed Platforms.ActiveCfg = Debug|Any CPU
		{AECCD69B-4B60-46CC-857E-D1399C667B82}.Deploy_Debug|Mixed Platforms.Build.0 = Debug|Any CPU
		{AECCD69B-4B60-46CC-857E-D1399C667B82}.Deploy_Debug|Win32.ActiveCfg = Debug|Any CPU
		{AECCD69B-4B60-46CC-857E-D1399C667B82}.Release|Any CPU.ActiveCfg = Release|Any CPU
		{AECCD69B-4B60-46CC-857E-D1399C667B82}.Release|Any CPU.Build.0 = Release|Any CPU
		{AECCD69B-4B60-46CC-857E-D1399C667B82}.Release|Mixed Platforms.ActiveCfg = Release|Any CPU
		{AECCD69B-4B60-46CC-857E-D1399C667B82}.Release|Mixed Platforms.Build.0 = Release|Any CPU
		{AECCD69B-4B60-46CC-857E-D1399C667B82}.Release|Win32.ActiveCfg = Release|Any CPU
		{A40EB0E1-096F-45BF-B78C-D83F43348792}.Debug|Any CPU.ActiveCfg = Debug|Any CPU
		{A40EB0E1-096F-45BF-B78C-D83F43348792}.Debug|Any CPU.Build.0 = Debug|Any CPU
		{A40EB0E1-096F-45BF-B78C-D83F43348792}.Debug|Mixed Platforms.ActiveCfg = Debug|Any CPU
		{A40EB0E1-096F-45BF-B78C-D83F43348792}.Debug|Win32.ActiveCfg = Debug|Any CPU
		{A40EB0E1-096F-45BF-B78C-D83F43348792}.Deploy_Debug|Any CPU.ActiveCfg = Debug|Any CPU
		{A40EB0E1-096F-45BF-B78C-D83F43348792}.Deploy_Debug|Any CPU.Build.0 = Debug|Any CPU
		{A40EB0E1-096F-45BF-B78C-D83F43348792}.Deploy_Debug|Mixed Platforms.ActiveCfg = Debug|Any CPU
		{A40EB0E1-096F-45BF-B78C-D83F43348792}.Deploy_Debug|Mixed Platforms.Build.0 = Debug|Any CPU
		{A40EB0E1-096F-45BF-B78C-D83F43348792}.Deploy_Debug|Win32.ActiveCfg = Debug|Any CPU
		{A40EB0E1-096F-45BF-B78C-D83F43348792}.Release|Any CPU.ActiveCfg = Release|Any CPU
		{A40EB0E1-096F-45BF-B78C-D83F43348792}.Release|Any CPU.Build.0 = Release|Any CPU
		{A40EB0E1-096F-45BF-B78C-D83F43348792}.Release|Mixed Platforms.ActiveCfg = Release|Any CPU
		{A40EB0E1-096F-45BF-B78C-D83F43348792}.Release|Mixed Platforms.Build.0 = Release|Any CPU
		{A40EB0E1-096F-45BF-B78C-D83F43348792}.Release|Win32.ActiveCfg = Release|Any CPU
		{DBCB96E4-45C2-44EE-97F1-FB725366B69A}.Debug|Any CPU.ActiveCfg = Debug|Any CPU
		{DBCB96E4-45C2-44EE-97F1-FB725366B69A}.Debug|Any CPU.Build.0 = Debug|Any CPU
		{DBCB96E4-45C2-44EE-97F1-FB725366B69A}.Debug|Mixed Platforms.ActiveCfg = Debug|Any CPU
		{DBCB96E4-45C2-44EE-97F1-FB725366B69A}.Debug|Mixed Platforms.Build.0 = Debug|Any CPU
		{DBCB96E4-45C2-44EE-97F1-FB725366B69A}.Debug|Win32.ActiveCfg = Debug|Any CPU
		{DBCB96E4-45C2-44EE-97F1-FB725366B69A}.Deploy_Debug|Any CPU.ActiveCfg = Debug|Any CPU
		{DBCB96E4-45C2-44EE-97F1-FB725366B69A}.Deploy_Debug|Any CPU.Build.0 = Debug|Any CPU
		{DBCB96E4-45C2-44EE-97F1-FB725366B69A}.Deploy_Debug|Mixed Platforms.ActiveCfg = Debug|Any CPU
		{DBCB96E4-45C2-44EE-97F1-FB725366B69A}.Deploy_Debug|Mixed Platforms.Build.0 = Debug|Any CPU
		{DBCB96E4-45C2-44EE-97F1-FB725366B69A}.Deploy_Debug|Win32.ActiveCfg = Debug|Any CPU
		{DBCB96E4-45C2-44EE-97F1-FB725366B69A}.Release|Any CPU.ActiveCfg = Release|Any CPU
		{DBCB96E4-45C2-44EE-97F1-FB725366B69A}.Release|Any CPU.Build.0 = Release|Any CPU
		{DBCB96E4-45C2-44EE-97F1-FB725366B69A}.Release|Mixed Platforms.ActiveCfg = Release|Any CPU
		{DBCB96E4-45C2-44EE-97F1-FB725366B69A}.Release|Mixed Platforms.Build.0 = Release|Any CPU
		{DBCB96E4-45C2-44EE-97F1-FB725366B69A}.Release|Win32.ActiveCfg = Release|Any CPU
		{1494489E-F4F8-4744-BBBC-F089115E5F9B}.Debug|Any CPU.ActiveCfg = Debug|Any CPU
		{1494489E-F4F8-4744-BBBC-F089115E5F9B}.Debug|Any CPU.Build.0 = Debug|Any CPU
		{1494489E-F4F8-4744-BBBC-F089115E5F9B}.Debug|Mixed Platforms.ActiveCfg = Debug|Any CPU
		{1494489E-F4F8-4744-BBBC-F089115E5F9B}.Debug|Mixed Platforms.Build.0 = Debug|Any CPU
		{1494489E-F4F8-4744-BBBC-F089115E5F9B}.Debug|Win32.ActiveCfg = Debug|Any CPU
		{1494489E-F4F8-4744-BBBC-F089115E5F9B}.Deploy_Debug|Any CPU.ActiveCfg = Debug|Any CPU
		{1494489E-F4F8-4744-BBBC-F089115E5F9B}.Deploy_Debug|Any CPU.Build.0 = Debug|Any CPU
		{1494489E-F4F8-4744-BBBC-F089115E5F9B}.Deploy_Debug|Mixed Platforms.ActiveCfg = Debug|Any CPU
		{1494489E-F4F8-4744-BBBC-F089115E5F9B}.Deploy_Debug|Mixed Platforms.Build.0 = Debug|Any CPU
		{1494489E-F4F8-4744-BBBC-F089115E5F9B}.Deploy_Debug|Win32.ActiveCfg = Debug|Any CPU
		{1494489E-F4F8-4744-BBBC-F089115E5F9B}.Release|Any CPU.ActiveCfg = Release|Any CPU
		{1494489E-F4F8-4744-BBBC-F089115E5F9B}.Release|Any CPU.Build.0 = Release|Any CPU
		{1494489E-F4F8-4744-BBBC-F089115E5F9B}.Release|Mixed Platforms.ActiveCfg = Release|Any CPU
		{1494489E-F4F8-4744-BBBC-F089115E5F9B}.Release|Mixed Platforms.Build.0 = Release|Any CPU
		{1494489E-F4F8-4744-BBBC-F089115E5F9B}.Release|Win32.ActiveCfg = Release|Any CPU
		{8AC73EC3-63F1-4D4D-932C-49C46DF86F0D}.Debug|Any CPU.ActiveCfg = Debug|Any CPU
		{8AC73EC3-63F1-4D4D-932C-49C46DF86F0D}.Debug|Any CPU.Build.0 = Debug|Any CPU
		{8AC73EC3-63F1-4D4D-932C-49C46DF86F0D}.Debug|Mixed Platforms.ActiveCfg = Debug|Any CPU
		{8AC73EC3-63F1-4D4D-932C-49C46DF86F0D}.Debug|Win32.ActiveCfg = Debug|Any CPU
		{8AC73EC3-63F1-4D4D-932C-49C46DF86F0D}.Deploy_Debug|Any CPU.ActiveCfg = Debug|Any CPU
		{8AC73EC3-63F1-4D4D-932C-49C46DF86F0D}.Deploy_Debug|Any CPU.Build.0 = Debug|Any CPU
		{8AC73EC3-63F1-4D4D-932C-49C46DF86F0D}.Deploy_Debug|Mixed Platforms.ActiveCfg = Debug|Any CPU
		{8AC73EC3-63F1-4D4D-932C-49C46DF86F0D}.Deploy_Debug|Mixed Platforms.Build.0 = Debug|Any CPU
		{8AC73EC3-63F1-4D4D-932C-49C46DF86F0D}.Deploy_Debug|Win32.ActiveCfg = Debug|Any CPU
		{8AC73EC3-63F1-4D4D-932C-49C46DF86F0D}.Release|Any CPU.ActiveCfg = Release|Any CPU
		{8AC73EC3-63F1-4D4D-932C-49C46DF86F0D}.Release|Any CPU.Build.0 = Release|Any CPU
		{8AC73EC3-63F1-4D4D-932C-49C46DF86F0D}.Release|Mixed Platforms.ActiveCfg = Release|Any CPU
		{8AC73EC3-63F1-4D4D-932C-49C46DF86F0D}.Release|Mixed Platforms.Build.0 = Release|Any CPU
		{8AC73EC3-63F1-4D4D-932C-49C46DF86F0D}.Release|Win32.ActiveCfg = Release|Any CPU
		{9E9E590B-C33E-4453-B47D-997FF1D3B622}.Debug|Any CPU.ActiveCfg = Debug|Win32
		{9E9E590B-C33E-4453-B47D-997FF1D3B622}.Debug|Mixed Platforms.ActiveCfg = Debug|Win32
		{9E9E590B-C33E-4453-B47D-997FF1D3B622}.Debug|Mixed Platforms.Build.0 = Debug|Win32
		{9E9E590B-C33E-4453-B47D-997FF1D3B622}.Debug|Win32.ActiveCfg = Debug|Win32
		{9E9E590B-C33E-4453-B47D-997FF1D3B622}.Debug|Win32.Build.0 = Debug|Win32
		{9E9E590B-C33E-4453-B47D-997FF1D3B622}.Deploy_Debug|Any CPU.ActiveCfg = Debug|Win32
		{9E9E590B-C33E-4453-B47D-997FF1D3B622}.Deploy_Debug|Mixed Platforms.ActiveCfg = Debug|Win32
		{9E9E590B-C33E-4453-B47D-997FF1D3B622}.Deploy_Debug|Mixed Platforms.Build.0 = Debug|Win32
		{9E9E590B-C33E-4453-B47D-997FF1D3B622}.Deploy_Debug|Win32.ActiveCfg = Debug|Win32
		{9E9E590B-C33E-4453-B47D-997FF1D3B622}.Deploy_Debug|Win32.Build.0 = Debug|Win32
		{9E9E590B-C33E-4453-B47D-997FF1D3B622}.Release|Any CPU.ActiveCfg = Release|Win32
		{9E9E590B-C33E-4453-B47D-997FF1D3B622}.Release|Mixed Platforms.ActiveCfg = Release|Win32
		{9E9E590B-C33E-4453-B47D-997FF1D3B622}.Release|Mixed Platforms.Build.0 = Release|Win32
		{9E9E590B-C33E-4453-B47D-997FF1D3B622}.Release|Win32.ActiveCfg = Release|Win32
		{9E9E590B-C33E-4453-B47D-997FF1D3B622}.Release|Win32.Build.0 = Release|Win32
		{668C34D7-2D2E-4F8E-98D2-DCAA36FF850C}.Debug|Any CPU.ActiveCfg = Debug|Any CPU
		{668C34D7-2D2E-4F8E-98D2-DCAA36FF850C}.Debug|Any CPU.Build.0 = Debug|Any CPU
		{668C34D7-2D2E-4F8E-98D2-DCAA36FF850C}.Debug|Mixed Platforms.ActiveCfg = Debug|Any CPU
		{668C34D7-2D2E-4F8E-98D2-DCAA36FF850C}.Debug|Mixed Platforms.Build.0 = Debug|Any CPU
		{668C34D7-2D2E-4F8E-98D2-DCAA36FF850C}.Debug|Win32.ActiveCfg = Debug|Any CPU
		{668C34D7-2D2E-4F8E-98D2-DCAA36FF850C}.Deploy_Debug|Any CPU.ActiveCfg = Debug|Any CPU
		{668C34D7-2D2E-4F8E-98D2-DCAA36FF850C}.Deploy_Debug|Any CPU.Build.0 = Debug|Any CPU
		{668C34D7-2D2E-4F8E-98D2-DCAA36FF850C}.Deploy_Debug|Mixed Platforms.ActiveCfg = Debug|Any CPU
		{668C34D7-2D2E-4F8E-98D2-DCAA36FF850C}.Deploy_Debug|Mixed Platforms.Build.0 = Debug|Any CPU
		{668C34D7-2D2E-4F8E-98D2-DCAA36FF850C}.Deploy_Debug|Win32.ActiveCfg = Debug|Any CPU
		{668C34D7-2D2E-4F8E-98D2-DCAA36FF850C}.Release|Any CPU.ActiveCfg = Release|Any CPU
		{668C34D7-2D2E-4F8E-98D2-DCAA36FF850C}.Release|Any CPU.Build.0 = Release|Any CPU
		{668C34D7-2D2E-4F8E-98D2-DCAA36FF850C}.Release|Mixed Platforms.ActiveCfg = Release|Any CPU
		{668C34D7-2D2E-4F8E-98D2-DCAA36FF850C}.Release|Mixed Platforms.Build.0 = Release|Any CPU
		{668C34D7-2D2E-4F8E-98D2-DCAA36FF850C}.Release|Win32.ActiveCfg = Release|Any CPU
		{EDB48F9D-0428-420B-B94F-B98E65AD1ADC}.Debug|Any CPU.ActiveCfg = Debug|Any CPU
		{EDB48F9D-0428-420B-B94F-B98E65AD1ADC}.Debug|Any CPU.Build.0 = Debug|Any CPU
		{EDB48F9D-0428-420B-B94F-B98E65AD1ADC}.Debug|Mixed Platforms.ActiveCfg = Debug|Any CPU
		{EDB48F9D-0428-420B-B94F-B98E65AD1ADC}.Debug|Mixed Platforms.Build.0 = Debug|Any CPU
		{EDB48F9D-0428-420B-B94F-B98E65AD1ADC}.Debug|Win32.ActiveCfg = Debug|Any CPU
		{EDB48F9D-0428-420B-B94F-B98E65AD1ADC}.Deploy_Debug|Any CPU.ActiveCfg = Debug|Any CPU
		{EDB48F9D-0428-420B-B94F-B98E65AD1ADC}.Deploy_Debug|Any CPU.Build.0 = Debug|Any CPU
		{EDB48F9D-0428-420B-B94F-B98E65AD1ADC}.Deploy_Debug|Mixed Platforms.ActiveCfg = Debug|Any CPU
		{EDB48F9D-0428-420B-B94F-B98E65AD1ADC}.Deploy_Debug|Mixed Platforms.Build.0 = Debug|Any CPU
		{EDB48F9D-0428-420B-B94F-B98E65AD1ADC}.Deploy_Debug|Win32.ActiveCfg = Debug|Any CPU
		{EDB48F9D-0428-420B-B94F-B98E65AD1ADC}.Release|Any CPU.ActiveCfg = Release|Any CPU
		{EDB48F9D-0428-420B-B94F-B98E65AD1ADC}.Release|Any CPU.Build.0 = Release|Any CPU
		{EDB48F9D-0428-420B-B94F-B98E65AD1ADC}.Release|Mixed Platforms.ActiveCfg = Release|Any CPU
		{EDB48F9D-0428-420B-B94F-B98E65AD1ADC}.Release|Mixed Platforms.Build.0 = Release|Any CPU
		{EDB48F9D-0428-420B-B94F-B98E65AD1ADC}.Release|Win32.ActiveCfg = Release|Any CPU
		{5C1354D6-44D3-4654-BEAE-F64D2C141D7D}.Debug|Any CPU.ActiveCfg = Debug|Any CPU
		{5C1354D6-44D3-4654-BEAE-F64D2C141D7D}.Debug|Any CPU.Build.0 = Debug|Any CPU
		{5C1354D6-44D3-4654-BEAE-F64D2C141D7D}.Debug|Mixed Platforms.ActiveCfg = Debug|Any CPU
		{5C1354D6-44D3-4654-BEAE-F64D2C141D7D}.Debug|Mixed Platforms.Build.0 = Debug|Any CPU
		{5C1354D6-44D3-4654-BEAE-F64D2C141D7D}.Debug|Win32.ActiveCfg = Debug|Any CPU
		{5C1354D6-44D3-4654-BEAE-F64D2C141D7D}.Deploy_Debug|Any CPU.ActiveCfg = Debug|Any CPU
		{5C1354D6-44D3-4654-BEAE-F64D2C141D7D}.Deploy_Debug|Any CPU.Build.0 = Debug|Any CPU
		{5C1354D6-44D3-4654-BEAE-F64D2C141D7D}.Deploy_Debug|Mixed Platforms.ActiveCfg = Debug|Any CPU
		{5C1354D6-44D3-4654-BEAE-F64D2C141D7D}.Deploy_Debug|Mixed Platforms.Build.0 = Debug|Any CPU
		{5C1354D6-44D3-4654-BEAE-F64D2C141D7D}.Deploy_Debug|Win32.ActiveCfg = Debug|Any CPU
		{5C1354D6-44D3-4654-BEAE-F64D2C141D7D}.Release|Any CPU.ActiveCfg = Release|Any CPU
		{5C1354D6-44D3-4654-BEAE-F64D2C141D7D}.Release|Any CPU.Build.0 = Release|Any CPU
		{5C1354D6-44D3-4654-BEAE-F64D2C141D7D}.Release|Mixed Platforms.ActiveCfg = Release|Any CPU
		{5C1354D6-44D3-4654-BEAE-F64D2C141D7D}.Release|Mixed Platforms.Build.0 = Release|Any CPU
		{5C1354D6-44D3-4654-BEAE-F64D2C141D7D}.Release|Win32.ActiveCfg = Release|Any CPU
		{DDC0A1CE-4E45-4119-BAD3-878843FAFC78}.Debug|Any CPU.ActiveCfg = Debug|Any CPU
		{DDC0A1CE-4E45-4119-BAD3-878843FAFC78}.Debug|Any CPU.Build.0 = Debug|Any CPU
		{DDC0A1CE-4E45-4119-BAD3-878843FAFC78}.Debug|Mixed Platforms.ActiveCfg = Debug|Any CPU
		{DDC0A1CE-4E45-4119-BAD3-878843FAFC78}.Debug|Mixed Platforms.Build.0 = Debug|Any CPU
		{DDC0A1CE-4E45-4119-BAD3-878843FAFC78}.Debug|Win32.ActiveCfg = Debug|Any CPU
		{DDC0A1CE-4E45-4119-BAD3-878843FAFC78}.Deploy_Debug|Any CPU.ActiveCfg = Debug|Any CPU
		{DDC0A1CE-4E45-4119-BAD3-878843FAFC78}.Deploy_Debug|Any CPU.Build.0 = Debug|Any CPU
		{DDC0A1CE-4E45-4119-BAD3-878843FAFC78}.Deploy_Debug|Mixed Platforms.ActiveCfg = Debug|Any CPU
		{DDC0A1CE-4E45-4119-BAD3-878843FAFC78}.Deploy_Debug|Mixed Platforms.Build.0 = Debug|Any CPU
		{DDC0A1CE-4E45-4119-BAD3-878843FAFC78}.Deploy_Debug|Win32.ActiveCfg = Debug|Any CPU
		{DDC0A1CE-4E45-4119-BAD3-878843FAFC78}.Release|Any CPU.ActiveCfg = Release|Any CPU
		{DDC0A1CE-4E45-4119-BAD3-878843FAFC78}.Release|Any CPU.Build.0 = Release|Any CPU
		{DDC0A1CE-4E45-4119-BAD3-878843FAFC78}.Release|Mixed Platforms.ActiveCfg = Release|Any CPU
		{DDC0A1CE-4E45-4119-BAD3-878843FAFC78}.Release|Mixed Platforms.Build.0 = Release|Any CPU
		{DDC0A1CE-4E45-4119-BAD3-878843FAFC78}.Release|Win32.ActiveCfg = Release|Any CPU
		{EA51B45D-3FC3-44C7-A000-566F9C8B4500}.Debug|Any CPU.ActiveCfg = Debug|Any CPU
		{EA51B45D-3FC3-44C7-A000-566F9C8B4500}.Debug|Any CPU.Build.0 = Debug|Any CPU
		{EA51B45D-3FC3-44C7-A000-566F9C8B4500}.Debug|Mixed Platforms.ActiveCfg = Debug|Any CPU
		{EA51B45D-3FC3-44C7-A000-566F9C8B4500}.Debug|Mixed Platforms.Build.0 = Debug|Any CPU
		{EA51B45D-3FC3-44C7-A000-566F9C8B4500}.Debug|Win32.ActiveCfg = Debug|Any CPU
		{EA51B45D-3FC3-44C7-A000-566F9C8B4500}.Deploy_Debug|Any CPU.ActiveCfg = Debug|Any CPU
		{EA51B45D-3FC3-44C7-A000-566F9C8B4500}.Deploy_Debug|Any CPU.Build.0 = Debug|Any CPU
		{EA51B45D-3FC3-44C7-A000-566F9C8B4500}.Deploy_Debug|Mixed Platforms.ActiveCfg = Debug|Any CPU
		{EA51B45D-3FC3-44C7-A000-566F9C8B4500}.Deploy_Debug|Mixed Platforms.Build.0 = Debug|Any CPU
		{EA51B45D-3FC3-44C7-A000-566F9C8B4500}.Deploy_Debug|Win32.ActiveCfg = Debug|Any CPU
		{EA51B45D-3FC3-44C7-A000-566F9C8B4500}.Release|Any CPU.ActiveCfg = Release|Any CPU
		{EA51B45D-3FC3-44C7-A000-566F9C8B4500}.Release|Any CPU.Build.0 = Release|Any CPU
		{EA51B45D-3FC3-44C7-A000-566F9C8B4500}.Release|Mixed Platforms.ActiveCfg = Release|Any CPU
		{EA51B45D-3FC3-44C7-A000-566F9C8B4500}.Release|Mixed Platforms.Build.0 = Release|Any CPU
		{EA51B45D-3FC3-44C7-A000-566F9C8B4500}.Release|Win32.ActiveCfg = Release|Any CPU
		{66D6CD5B-413F-45C1-AF3B-817E0BFD6EC7}.Debug|Any CPU.ActiveCfg = Debug|Any CPU
		{66D6CD5B-413F-45C1-AF3B-817E0BFD6EC7}.Debug|Any CPU.Build.0 = Debug|Any CPU
		{66D6CD5B-413F-45C1-AF3B-817E0BFD6EC7}.Debug|Mixed Platforms.ActiveCfg = Debug|Any CPU
		{66D6CD5B-413F-45C1-AF3B-817E0BFD6EC7}.Debug|Mixed Platforms.Build.0 = Debug|Any CPU
		{66D6CD5B-413F-45C1-AF3B-817E0BFD6EC7}.Debug|Win32.ActiveCfg = Debug|Any CPU
		{66D6CD5B-413F-45C1-AF3B-817E0BFD6EC7}.Deploy_Debug|Any CPU.ActiveCfg = Debug|Any CPU
		{66D6CD5B-413F-45C1-AF3B-817E0BFD6EC7}.Deploy_Debug|Any CPU.Build.0 = Debug|Any CPU
		{66D6CD5B-413F-45C1-AF3B-817E0BFD6EC7}.Deploy_Debug|Mixed Platforms.ActiveCfg = Debug|Any CPU
		{66D6CD5B-413F-45C1-AF3B-817E0BFD6EC7}.Deploy_Debug|Mixed Platforms.Build.0 = Debug|Any CPU
		{66D6CD5B-413F-45C1-AF3B-817E0BFD6EC7}.Deploy_Debug|Win32.ActiveCfg = Debug|Any CPU
		{66D6CD5B-413F-45C1-AF3B-817E0BFD6EC7}.Release|Any CPU.ActiveCfg = Release|Any CPU
		{66D6CD5B-413F-45C1-AF3B-817E0BFD6EC7}.Release|Any CPU.Build.0 = Release|Any CPU
		{66D6CD5B-413F-45C1-AF3B-817E0BFD6EC7}.Release|Mixed Platforms.ActiveCfg = Release|Any CPU
		{66D6CD5B-413F-45C1-AF3B-817E0BFD6EC7}.Release|Mixed Platforms.Build.0 = Release|Any CPU
		{66D6CD5B-413F-45C1-AF3B-817E0BFD6EC7}.Release|Win32.ActiveCfg = Release|Any CPU
		{AE84A91C-9D5A-4BF1-9E30-B9474FF1014D}.Debug|Any CPU.ActiveCfg = Debug|Any CPU
		{AE84A91C-9D5A-4BF1-9E30-B9474FF1014D}.Debug|Any CPU.Build.0 = Debug|Any CPU
		{AE84A91C-9D5A-4BF1-9E30-B9474FF1014D}.Debug|Mixed Platforms.ActiveCfg = Debug|Any CPU
		{AE84A91C-9D5A-4BF1-9E30-B9474FF1014D}.Debug|Mixed Platforms.Build.0 = Debug|Any CPU
		{AE84A91C-9D5A-4BF1-9E30-B9474FF1014D}.Debug|Win32.ActiveCfg = Debug|Any CPU
		{AE84A91C-9D5A-4BF1-9E30-B9474FF1014D}.Deploy_Debug|Any CPU.ActiveCfg = Debug|Any CPU
		{AE84A91C-9D5A-4BF1-9E30-B9474FF1014D}.Deploy_Debug|Any CPU.Build.0 = Debug|Any CPU
		{AE84A91C-9D5A-4BF1-9E30-B9474FF1014D}.Deploy_Debug|Mixed Platforms.ActiveCfg = Debug|Any CPU
		{AE84A91C-9D5A-4BF1-9E30-B9474FF1014D}.Deploy_Debug|Mixed Platforms.Build.0 = Debug|Any CPU
		{AE84A91C-9D5A-4BF1-9E30-B9474FF1014D}.Deploy_Debug|Win32.ActiveCfg = Debug|Any CPU
		{AE84A91C-9D5A-4BF1-9E30-B9474FF1014D}.Release|Any CPU.ActiveCfg = Release|Any CPU
		{AE84A91C-9D5A-4BF1-9E30-B9474FF1014D}.Release|Any CPU.Build.0 = Release|Any CPU
		{AE84A91C-9D5A-4BF1-9E30-B9474FF1014D}.Release|Mixed Platforms.ActiveCfg = Release|Any CPU
		{AE84A91C-9D5A-4BF1-9E30-B9474FF1014D}.Release|Mixed Platforms.Build.0 = Release|Any CPU
		{AE84A91C-9D5A-4BF1-9E30-B9474FF1014D}.Release|Win32.ActiveCfg = Release|Any CPU
		{FE5A59BB-0BBC-45C3-AD58-F3009601E2C2}.Debug|Any CPU.ActiveCfg = Debug|Any CPU
		{FE5A59BB-0BBC-45C3-AD58-F3009601E2C2}.Debug|Any CPU.Build.0 = Debug|Any CPU
		{FE5A59BB-0BBC-45C3-AD58-F3009601E2C2}.Debug|Mixed Platforms.ActiveCfg = Debug|Any CPU
		{FE5A59BB-0BBC-45C3-AD58-F3009601E2C2}.Debug|Mixed Platforms.Build.0 = Debug|Any CPU
		{FE5A59BB-0BBC-45C3-AD58-F3009601E2C2}.Debug|Win32.ActiveCfg = Debug|Any CPU
		{FE5A59BB-0BBC-45C3-AD58-F3009601E2C2}.Deploy_Debug|Any CPU.ActiveCfg = Debug|Any CPU
		{FE5A59BB-0BBC-45C3-AD58-F3009601E2C2}.Deploy_Debug|Any CPU.Build.0 = Debug|Any CPU
		{FE5A59BB-0BBC-45C3-AD58-F3009601E2C2}.Deploy_Debug|Mixed Platforms.ActiveCfg = Debug|Any CPU
		{FE5A59BB-0BBC-45C3-AD58-F3009601E2C2}.Deploy_Debug|Mixed Platforms.Build.0 = Debug|Any CPU
		{FE5A59BB-0BBC-45C3-AD58-F3009601E2C2}.Deploy_Debug|Win32.ActiveCfg = Debug|Any CPU
		{FE5A59BB-0BBC-45C3-AD58-F3009601E2C2}.Release|Any CPU.ActiveCfg = Release|Any CPU
		{FE5A59BB-0BBC-45C3-AD58-F3009601E2C2}.Release|Any CPU.Build.0 = Release|Any CPU
		{FE5A59BB-0BBC-45C3-AD58-F3009601E2C2}.Release|Mixed Platforms.ActiveCfg = Release|Any CPU
		{FE5A59BB-0BBC-45C3-AD58-F3009601E2C2}.Release|Mixed Platforms.Build.0 = Release|Any CPU
		{FE5A59BB-0BBC-45C3-AD58-F3009601E2C2}.Release|Win32.ActiveCfg = Release|Any CPU
		{029E1218-86AD-4925-BA09-B7146050124C}.Debug|Any CPU.ActiveCfg = Debug|Any CPU
		{029E1218-86AD-4925-BA09-B7146050124C}.Debug|Any CPU.Build.0 = Debug|Any CPU
		{029E1218-86AD-4925-BA09-B7146050124C}.Debug|Mixed Platforms.ActiveCfg = Debug|Any CPU
		{029E1218-86AD-4925-BA09-B7146050124C}.Debug|Mixed Platforms.Build.0 = Debug|Any CPU
		{029E1218-86AD-4925-BA09-B7146050124C}.Debug|Win32.ActiveCfg = Debug|Any CPU
		{029E1218-86AD-4925-BA09-B7146050124C}.Deploy_Debug|Any CPU.ActiveCfg = Debug|Any CPU
		{029E1218-86AD-4925-BA09-B7146050124C}.Deploy_Debug|Any CPU.Build.0 = Debug|Any CPU
		{029E1218-86AD-4925-BA09-B7146050124C}.Deploy_Debug|Mixed Platforms.ActiveCfg = Debug|Any CPU
		{029E1218-86AD-4925-BA09-B7146050124C}.Deploy_Debug|Mixed Platforms.Build.0 = Debug|Any CPU
		{029E1218-86AD-4925-BA09-B7146050124C}.Deploy_Debug|Win32.ActiveCfg = Debug|Any CPU
		{029E1218-86AD-4925-BA09-B7146050124C}.Release|Any CPU.ActiveCfg = Release|Any CPU
		{029E1218-86AD-4925-BA09-B7146050124C}.Release|Any CPU.Build.0 = Release|Any CPU
		{029E1218-86AD-4925-BA09-B7146050124C}.Release|Mixed Platforms.ActiveCfg = Release|Any CPU
		{029E1218-86AD-4925-BA09-B7146050124C}.Release|Mixed Platforms.Build.0 = Release|Any CPU
		{029E1218-86AD-4925-BA09-B7146050124C}.Release|Win32.ActiveCfg = Release|Any CPU
		{37239AE6-01AA-472D-8E85-6291028287E6}.Debug|Any CPU.ActiveCfg = Debug|Win32
		{37239AE6-01AA-472D-8E85-6291028287E6}.Debug|Mixed Platforms.ActiveCfg = Debug|Win32
		{37239AE6-01AA-472D-8E85-6291028287E6}.Debug|Mixed Platforms.Build.0 = Debug|Win32
		{37239AE6-01AA-472D-8E85-6291028287E6}.Debug|Win32.ActiveCfg = Debug|Win32
		{37239AE6-01AA-472D-8E85-6291028287E6}.Debug|Win32.Build.0 = Debug|Win32
		{37239AE6-01AA-472D-8E85-6291028287E6}.Deploy_Debug|Any CPU.ActiveCfg = Debug|Win32
		{37239AE6-01AA-472D-8E85-6291028287E6}.Deploy_Debug|Mixed Platforms.ActiveCfg = Debug|Win32
		{37239AE6-01AA-472D-8E85-6291028287E6}.Deploy_Debug|Mixed Platforms.Build.0 = Debug|Win32
		{37239AE6-01AA-472D-8E85-6291028287E6}.Deploy_Debug|Win32.ActiveCfg = Debug|Win32
		{37239AE6-01AA-472D-8E85-6291028287E6}.Deploy_Debug|Win32.Build.0 = Debug|Win32
		{37239AE6-01AA-472D-8E85-6291028287E6}.Release|Any CPU.ActiveCfg = Release|Win32
		{37239AE6-01AA-472D-8E85-6291028287E6}.Release|Mixed Platforms.ActiveCfg = Release|Win32
		{37239AE6-01AA-472D-8E85-6291028287E6}.Release|Mixed Platforms.Build.0 = Release|Win32
		{37239AE6-01AA-472D-8E85-6291028287E6}.Release|Win32.ActiveCfg = Release|Win32
		{37239AE6-01AA-472D-8E85-6291028287E6}.Release|Win32.Build.0 = Release|Win32
		{D63DDEEA-18F6-4347-AF0B-41B4A52F35A9}.Debug|Any CPU.ActiveCfg = Debug|Any CPU
		{D63DDEEA-18F6-4347-AF0B-41B4A52F35A9}.Debug|Any CPU.Build.0 = Debug|Any CPU
		{D63DDEEA-18F6-4347-AF0B-41B4A52F35A9}.Debug|Mixed Platforms.ActiveCfg = Debug|Any CPU
		{D63DDEEA-18F6-4347-AF0B-41B4A52F35A9}.Debug|Win32.ActiveCfg = Debug|Any CPU
		{D63DDEEA-18F6-4347-AF0B-41B4A52F35A9}.Deploy_Debug|Any CPU.ActiveCfg = Debug|Any CPU
		{D63DDEEA-18F6-4347-AF0B-41B4A52F35A9}.Deploy_Debug|Any CPU.Build.0 = Debug|Any CPU
		{D63DDEEA-18F6-4347-AF0B-41B4A52F35A9}.Deploy_Debug|Mixed Platforms.ActiveCfg = Debug|Any CPU
		{D63DDEEA-18F6-4347-AF0B-41B4A52F35A9}.Deploy_Debug|Mixed Platforms.Build.0 = Debug|Any CPU
		{D63DDEEA-18F6-4347-AF0B-41B4A52F35A9}.Deploy_Debug|Win32.ActiveCfg = Debug|Any CPU
		{D63DDEEA-18F6-4347-AF0B-41B4A52F35A9}.Release|Any CPU.ActiveCfg = Release|Any CPU
		{D63DDEEA-18F6-4347-AF0B-41B4A52F35A9}.Release|Any CPU.Build.0 = Release|Any CPU
		{D63DDEEA-18F6-4347-AF0B-41B4A52F35A9}.Release|Mixed Platforms.ActiveCfg = Release|Any CPU
		{D63DDEEA-18F6-4347-AF0B-41B4A52F35A9}.Release|Mixed Platforms.Build.0 = Release|Any CPU
		{D63DDEEA-18F6-4347-AF0B-41B4A52F35A9}.Release|Win32.ActiveCfg = Release|Any CPU
		{70920E0E-AA5B-4988-B210-DF9F59044C9E}.Debug|Any CPU.ActiveCfg = Debug|Any CPU
		{70920E0E-AA5B-4988-B210-DF9F59044C9E}.Debug|Any CPU.Build.0 = Debug|Any CPU
		{70920E0E-AA5B-4988-B210-DF9F59044C9E}.Debug|Mixed Platforms.ActiveCfg = Debug|Any CPU
		{70920E0E-AA5B-4988-B210-DF9F59044C9E}.Debug|Win32.ActiveCfg = Debug|Any CPU
		{70920E0E-AA5B-4988-B210-DF9F59044C9E}.Deploy_Debug|Any CPU.ActiveCfg = Debug|Any CPU
		{70920E0E-AA5B-4988-B210-DF9F59044C9E}.Deploy_Debug|Any CPU.Build.0 = Debug|Any CPU
		{70920E0E-AA5B-4988-B210-DF9F59044C9E}.Deploy_Debug|Mixed Platforms.ActiveCfg = Debug|Any CPU
		{70920E0E-AA5B-4988-B210-DF9F59044C9E}.Deploy_Debug|Mixed Platforms.Build.0 = Debug|Any CPU
		{70920E0E-AA5B-4988-B210-DF9F59044C9E}.Deploy_Debug|Win32.ActiveCfg = Debug|Any CPU
		{70920E0E-AA5B-4988-B210-DF9F59044C9E}.Release|Any CPU.ActiveCfg = Release|Any CPU
		{70920E0E-AA5B-4988-B210-DF9F59044C9E}.Release|Any CPU.Build.0 = Release|Any CPU
		{70920E0E-AA5B-4988-B210-DF9F59044C9E}.Release|Mixed Platforms.ActiveCfg = Release|Any CPU
		{70920E0E-AA5B-4988-B210-DF9F59044C9E}.Release|Mixed Platforms.Build.0 = Release|Any CPU
		{70920E0E-AA5B-4988-B210-DF9F59044C9E}.Release|Win32.ActiveCfg = Release|Any CPU
		{AAD18DC6-D1A4-4423-B86A-78A92955E6D7}.Debug|Any CPU.ActiveCfg = Debug|Win32
		{AAD18DC6-D1A4-4423-B86A-78A92955E6D7}.Debug|Mixed Platforms.ActiveCfg = Debug|Win32
		{AAD18DC6-D1A4-4423-B86A-78A92955E6D7}.Debug|Win32.ActiveCfg = Debug|Win32
		{AAD18DC6-D1A4-4423-B86A-78A92955E6D7}.Debug|Win32.Build.0 = Debug|Win32
		{AAD18DC6-D1A4-4423-B86A-78A92955E6D7}.Deploy_Debug|Any CPU.ActiveCfg = Debug|Win32
		{AAD18DC6-D1A4-4423-B86A-78A92955E6D7}.Deploy_Debug|Mixed Platforms.ActiveCfg = Debug|Win32
		{AAD18DC6-D1A4-4423-B86A-78A92955E6D7}.Deploy_Debug|Mixed Platforms.Build.0 = Debug|Win32
		{AAD18DC6-D1A4-4423-B86A-78A92955E6D7}.Deploy_Debug|Win32.ActiveCfg = Debug|Win32
		{AAD18DC6-D1A4-4423-B86A-78A92955E6D7}.Deploy_Debug|Win32.Build.0 = Debug|Win32
		{AAD18DC6-D1A4-4423-B86A-78A92955E6D7}.Release|Any CPU.ActiveCfg = Release|Win32
		{AAD18DC6-D1A4-4423-B86A-78A92955E6D7}.Release|Mixed Platforms.ActiveCfg = Release|Win32
		{AAD18DC6-D1A4-4423-B86A-78A92955E6D7}.Release|Mixed Platforms.Build.0 = Release|Win32
		{AAD18DC6-D1A4-4423-B86A-78A92955E6D7}.Release|Win32.ActiveCfg = Release|Win32
		{AAD18DC6-D1A4-4423-B86A-78A92955E6D7}.Release|Win32.Build.0 = Release|Win32
		{1A09C298-EA12-40DB-B21D-00ADC32441FB}.Debug|Any CPU.ActiveCfg = Debug|Win32
		{1A09C298-EA12-40DB-B21D-00ADC32441FB}.Debug|Mixed Platforms.ActiveCfg = Debug|Win32
		{1A09C298-EA12-40DB-B21D-00ADC32441FB}.Debug|Win32.ActiveCfg = Debug|Win32
		{1A09C298-EA12-40DB-B21D-00ADC32441FB}.Debug|Win32.Build.0 = Debug|Win32
		{1A09C298-EA12-40DB-B21D-00ADC32441FB}.Deploy_Debug|Any CPU.ActiveCfg = Debug|Win32
		{1A09C298-EA12-40DB-B21D-00ADC32441FB}.Deploy_Debug|Mixed Platforms.ActiveCfg = Debug|Win32
		{1A09C298-EA12-40DB-B21D-00ADC32441FB}.Deploy_Debug|Mixed Platforms.Build.0 = Debug|Win32
		{1A09C298-EA12-40DB-B21D-00ADC32441FB}.Deploy_Debug|Win32.ActiveCfg = Debug|Win32
		{1A09C298-EA12-40DB-B21D-00ADC32441FB}.Deploy_Debug|Win32.Build.0 = Debug|Win32
		{1A09C298-EA12-40DB-B21D-00ADC32441FB}.Release|Any CPU.ActiveCfg = Release|Win32
		{1A09C298-EA12-40DB-B21D-00ADC32441FB}.Release|Mixed Platforms.ActiveCfg = Release|Win32
		{1A09C298-EA12-40DB-B21D-00ADC32441FB}.Release|Mixed Platforms.Build.0 = Release|Win32
		{1A09C298-EA12-40DB-B21D-00ADC32441FB}.Release|Win32.ActiveCfg = Release|Win32
		{1A09C298-EA12-40DB-B21D-00ADC32441FB}.Release|Win32.Build.0 = Release|Win32
		{ED83BC7D-3F5C-44EE-B00D-69E7481F5032}.Debug|Any CPU.ActiveCfg = Debug|Win32
		{ED83BC7D-3F5C-44EE-B00D-69E7481F5032}.Debug|Mixed Platforms.ActiveCfg = Debug|Win32
		{ED83BC7D-3F5C-44EE-B00D-69E7481F5032}.Debug|Win32.ActiveCfg = Debug|Win32
		{ED83BC7D-3F5C-44EE-B00D-69E7481F5032}.Debug|Win32.Build.0 = Debug|Win32
		{ED83BC7D-3F5C-44EE-B00D-69E7481F5032}.Deploy_Debug|Any CPU.ActiveCfg = Debug|Win32
		{ED83BC7D-3F5C-44EE-B00D-69E7481F5032}.Deploy_Debug|Mixed Platforms.ActiveCfg = Debug|Win32
		{ED83BC7D-3F5C-44EE-B00D-69E7481F5032}.Deploy_Debug|Mixed Platforms.Build.0 = Debug|Win32
		{ED83BC7D-3F5C-44EE-B00D-69E7481F5032}.Deploy_Debug|Win32.ActiveCfg = Debug|Win32
		{ED83BC7D-3F5C-44EE-B00D-69E7481F5032}.Deploy_Debug|Win32.Build.0 = Debug|Win32
		{ED83BC7D-3F5C-44EE-B00D-69E7481F5032}.Release|Any CPU.ActiveCfg = Release|Win32
		{ED83BC7D-3F5C-44EE-B00D-69E7481F5032}.Release|Mixed Platforms.ActiveCfg = Release|Win32
		{ED83BC7D-3F5C-44EE-B00D-69E7481F5032}.Release|Mixed Platforms.Build.0 = Release|Win32
		{ED83BC7D-3F5C-44EE-B00D-69E7481F5032}.Release|Win32.ActiveCfg = Release|Win32
		{ED83BC7D-3F5C-44EE-B00D-69E7481F5032}.Release|Win32.Build.0 = Release|Win32
		{86396355-B4B2-4C7A-BF0E-A1FE62E2E2DE}.Debug|Any CPU.ActiveCfg = Debug|Any CPU
		{86396355-B4B2-4C7A-BF0E-A1FE62E2E2DE}.Debug|Any CPU.Build.0 = Debug|Any CPU
		{86396355-B4B2-4C7A-BF0E-A1FE62E2E2DE}.Debug|Mixed Platforms.ActiveCfg = Debug|Any CPU
		{86396355-B4B2-4C7A-BF0E-A1FE62E2E2DE}.Debug|Mixed Platforms.Build.0 = Debug|Any CPU
		{86396355-B4B2-4C7A-BF0E-A1FE62E2E2DE}.Debug|Win32.ActiveCfg = Debug|Any CPU
		{86396355-B4B2-4C7A-BF0E-A1FE62E2E2DE}.Deploy_Debug|Any CPU.ActiveCfg = Debug|Any CPU
		{86396355-B4B2-4C7A-BF0E-A1FE62E2E2DE}.Deploy_Debug|Any CPU.Build.0 = Debug|Any CPU
		{86396355-B4B2-4C7A-BF0E-A1FE62E2E2DE}.Deploy_Debug|Mixed Platforms.ActiveCfg = Debug|Any CPU
		{86396355-B4B2-4C7A-BF0E-A1FE62E2E2DE}.Deploy_Debug|Mixed Platforms.Build.0 = Debug|Any CPU
		{86396355-B4B2-4C7A-BF0E-A1FE62E2E2DE}.Deploy_Debug|Win32.ActiveCfg = Debug|Any CPU
		{86396355-B4B2-4C7A-BF0E-A1FE62E2E2DE}.Release|Any CPU.ActiveCfg = Release|Any CPU
		{86396355-B4B2-4C7A-BF0E-A1FE62E2E2DE}.Release|Any CPU.Build.0 = Release|Any CPU
		{86396355-B4B2-4C7A-BF0E-A1FE62E2E2DE}.Release|Mixed Platforms.ActiveCfg = Release|Any CPU
		{86396355-B4B2-4C7A-BF0E-A1FE62E2E2DE}.Release|Mixed Platforms.Build.0 = Release|Any CPU
		{86396355-B4B2-4C7A-BF0E-A1FE62E2E2DE}.Release|Win32.ActiveCfg = Release|Any CPU
		{2C0C17E7-DFE5-4BAA-950D-43F173872FEA}.Debug|Any CPU.ActiveCfg = Debug|Win32
		{2C0C17E7-DFE5-4BAA-950D-43F173872FEA}.Debug|Mixed Platforms.ActiveCfg = Debug|Win32
		{2C0C17E7-DFE5-4BAA-950D-43F173872FEA}.Debug|Mixed Platforms.Build.0 = Debug|Win32
		{2C0C17E7-DFE5-4BAA-950D-43F173872FEA}.Debug|Win32.ActiveCfg = Debug|Win32
		{2C0C17E7-DFE5-4BAA-950D-43F173872FEA}.Debug|Win32.Build.0 = Debug|Win32
		{2C0C17E7-DFE5-4BAA-950D-43F173872FEA}.Deploy_Debug|Any CPU.ActiveCfg = Debug|Win32
		{2C0C17E7-DFE5-4BAA-950D-43F173872FEA}.Deploy_Debug|Mixed Platforms.ActiveCfg = Debug|Win32
		{2C0C17E7-DFE5-4BAA-950D-43F173872FEA}.Deploy_Debug|Mixed Platforms.Build.0 = Debug|Win32
		{2C0C17E7-DFE5-4BAA-950D-43F173872FEA}.Deploy_Debug|Win32.ActiveCfg = Debug|Win32
		{2C0C17E7-DFE5-4BAA-950D-43F173872FEA}.Deploy_Debug|Win32.Build.0 = Debug|Win32
		{2C0C17E7-DFE5-4BAA-950D-43F173872FEA}.Release|Any CPU.ActiveCfg = Release|Win32
		{2C0C17E7-DFE5-4BAA-950D-43F173872FEA}.Release|Mixed Platforms.ActiveCfg = Release|Win32
		{2C0C17E7-DFE5-4BAA-950D-43F173872FEA}.Release|Mixed Platforms.Build.0 = Release|Win32
		{2C0C17E7-DFE5-4BAA-950D-43F173872FEA}.Release|Win32.ActiveCfg = Release|Win32
		{2C0C17E7-DFE5-4BAA-950D-43F173872FEA}.Release|Win32.Build.0 = Release|Win32
	EndGlobalSection
	GlobalSection(SolutionProperties) = preSolution
		HideSolutionNode = FALSE
	EndGlobalSection
EndGlobal
