
Microsoft Visual Studio Solution File, Format Version 12.00
# Visual Studio 2012
Project("{2150E333-8FDC-42A3-9474-1A3956D46DE8}") = "Solution Items", "Solution Items", "{E9EEEA72-B0AD-422A-90A1-5E8D7877AB87}"
	ProjectSection(SolutionItems) = preProject
		CloudInterface = CloudInterface
		Paths.txt = Paths.txt
	EndProjectSection
EndProject
Project("{FAE04EC0-301F-11D3-BF4B-00C04F79EFBC}") = "CyptoCloud_WS", "CyptoCloud_WS\CyptoCloud_WS.csproj", "{E94DC9F5-FA03-4130-B3EE-D0239A2ED060}"
EndProject
Project("{FAE04EC0-301F-11D3-BF4B-00C04F79EFBC}") = "ClientWindowsFormsApplication", "ClientWindowsFormsApplication\ClientWindowsFormsApplication.csproj", "{A40EB0E1-096F-45BF-B78C-D83F43348792}"
	ProjectSection(ProjectDependencies) = postProject
		{E94DC9F5-FA03-4130-B3EE-D0239A2ED060} = {E94DC9F5-FA03-4130-B3EE-D0239A2ED060}
	EndProjectSection
EndProject
Project("{FAE04EC0-301F-11D3-BF4B-00C04F79EFBC}") = "SecureStorageLib", "SecureStorageLib\SecureStorageLib.csproj", "{668C34D7-2D2E-4F8E-98D2-DCAA36FF850C}"
EndProject
Project("{FAE04EC0-301F-11D3-BF4B-00C04F79EFBC}") = "SecureStorageClient", "SecureStorageClient\SecureStorageClient.csproj", "{EDB48F9D-0428-420B-B94F-B98E65AD1ADC}"
EndProject
Project("{FAE04EC0-301F-11D3-BF4B-00C04F79EFBC}") = "SecureStorageWebService", "SecureStorageWebService\SecureStorageWebService.csproj", "{66D6CD5B-413F-45C1-AF3B-817E0BFD6EC7}"
EndProject
Project("{FAE04EC0-301F-11D3-BF4B-00C04F79EFBC}") = "utility", "..\utility\utility\utility.csproj", "{4DFC8774-E67D-4EFF-9249-301C0D5EB158}"
EndProject
Project("{FAE04EC0-301F-11D3-BF4B-00C04F79EFBC}") = "utility.extra", "..\utility\utility.extra\utility.extra.csproj", "{20FCCCAF-EF9B-48F8-9810-0365985AAEA2}"
EndProject
Global
	GlobalSection(SolutionConfigurationPlatforms) = preSolution
		Debug|Any CPU = Debug|Any CPU
		Debug|Mixed Platforms = Debug|Mixed Platforms
		Debug|Win32 = Debug|Win32
		Deploy_Debug|Any CPU = Deploy_Debug|Any CPU
		Deploy_Debug|Mixed Platforms = Deploy_Debug|Mixed Platforms
		Deploy_Debug|Win32 = Deploy_Debug|Win32
		Release|Any CPU = Release|Any CPU
		Release|Mixed Platforms = Release|Mixed Platforms
		Release|Win32 = Release|Win32
	EndGlobalSection
	GlobalSection(ProjectConfigurationPlatforms) = postSolution
		{E94DC9F5-FA03-4130-B3EE-D0239A2ED060}.Debug|Any CPU.ActiveCfg = Debug|Any CPU
		{E94DC9F5-FA03-4130-B3EE-D0239A2ED060}.Debug|Any CPU.Build.0 = Debug|Any CPU
		{E94DC9F5-FA03-4130-B3EE-D0239A2ED060}.Debug|Mixed Platforms.ActiveCfg = Debug|Any CPU
		{E94DC9F5-FA03-4130-B3EE-D0239A2ED060}.Debug|Mixed Platforms.Build.0 = Debug|Any CPU
		{E94DC9F5-FA03-4130-B3EE-D0239A2ED060}.Debug|Win32.ActiveCfg = Debug|Any CPU
		{E94DC9F5-FA03-4130-B3EE-D0239A2ED060}.Deploy_Debug|Any CPU.ActiveCfg = Debug|Any CPU
		{E94DC9F5-FA03-4130-B3EE-D0239A2ED060}.Deploy_Debug|Any CPU.Build.0 = Debug|Any CPU
		{E94DC9F5-FA03-4130-B3EE-D0239A2ED060}.Deploy_Debug|Mixed Platforms.ActiveCfg = Debug|Any CPU
		{E94DC9F5-FA03-4130-B3EE-D0239A2ED060}.Deploy_Debug|Mixed Platforms.Build.0 = Debug|Any CPU
		{E94DC9F5-FA03-4130-B3EE-D0239A2ED060}.Deploy_Debug|Win32.ActiveCfg = Debug|Any CPU
		{E94DC9F5-FA03-4130-B3EE-D0239A2ED060}.Release|Any CPU.ActiveCfg = Release|Any CPU
		{E94DC9F5-FA03-4130-B3EE-D0239A2ED060}.Release|Any CPU.Build.0 = Release|Any CPU
		{E94DC9F5-FA03-4130-B3EE-D0239A2ED060}.Release|Mixed Platforms.ActiveCfg = Release|Any CPU
		{E94DC9F5-FA03-4130-B3EE-D0239A2ED060}.Release|Mixed Platforms.Build.0 = Release|Any CPU
		{E94DC9F5-FA03-4130-B3EE-D0239A2ED060}.Release|Win32.ActiveCfg = Release|Any CPU
		{A40EB0E1-096F-45BF-B78C-D83F43348792}.Debug|Any CPU.ActiveCfg = Debug|Any CPU
		{A40EB0E1-096F-45BF-B78C-D83F43348792}.Debug|Any CPU.Build.0 = Debug|Any CPU
		{A40EB0E1-096F-45BF-B78C-D83F43348792}.Debug|Mixed Platforms.ActiveCfg = Debug|Any CPU
		{A40EB0E1-096F-45BF-B78C-D83F43348792}.Debug|Mixed Platforms.Build.0 = Debug|Any CPU
		{A40EB0E1-096F-45BF-B78C-D83F43348792}.Debug|Win32.ActiveCfg = Debug|Any CPU
		{A40EB0E1-096F-45BF-B78C-D83F43348792}.Deploy_Debug|Any CPU.ActiveCfg = Debug|Any CPU
		{A40EB0E1-096F-45BF-B78C-D83F43348792}.Deploy_Debug|Any CPU.Build.0 = Debug|Any CPU
		{A40EB0E1-096F-45BF-B78C-D83F43348792}.Deploy_Debug|Mixed Platforms.ActiveCfg = Debug|Any CPU
		{A40EB0E1-096F-45BF-B78C-D83F43348792}.Deploy_Debug|Mixed Platforms.Build.0 = Debug|Any CPU
		{A40EB0E1-096F-45BF-B78C-D83F43348792}.Deploy_Debug|Win32.ActiveCfg = Debug|Any CPU
		{A40EB0E1-096F-45BF-B78C-D83F43348792}.Release|Any CPU.ActiveCfg = Release|Any CPU
		{A40EB0E1-096F-45BF-B78C-D83F43348792}.Release|Any CPU.Build.0 = Release|Any CPU
		{A40EB0E1-096F-45BF-B78C-D83F43348792}.Release|Mixed Platforms.ActiveCfg = Release|Any CPU
		{A40EB0E1-096F-45BF-B78C-D83F43348792}.Release|Mixed Platforms.Build.0 = Release|Any CPU
		{A40EB0E1-096F-45BF-B78C-D83F43348792}.Release|Win32.ActiveCfg = Release|Any CPU
		{668C34D7-2D2E-4F8E-98D2-DCAA36FF850C}.Debug|Any CPU.ActiveCfg = Debug|Any CPU
		{668C34D7-2D2E-4F8E-98D2-DCAA36FF850C}.Debug|Any CPU.Build.0 = Debug|Any CPU
		{668C34D7-2D2E-4F8E-98D2-DCAA36FF850C}.Debug|Mixed Platforms.ActiveCfg = Debug|Any CPU
		{668C34D7-2D2E-4F8E-98D2-DCAA36FF850C}.Debug|Mixed Platforms.Build.0 = Debug|Any CPU
		{668C34D7-2D2E-4F8E-98D2-DCAA36FF850C}.Debug|Win32.ActiveCfg = Debug|Any CPU
		{668C34D7-2D2E-4F8E-98D2-DCAA36FF850C}.Deploy_Debug|Any CPU.ActiveCfg = Debug|Any CPU
		{668C34D7-2D2E-4F8E-98D2-DCAA36FF850C}.Deploy_Debug|Any CPU.Build.0 = Debug|Any CPU
		{668C34D7-2D2E-4F8E-98D2-DCAA36FF850C}.Deploy_Debug|Mixed Platforms.ActiveCfg = Debug|Any CPU
		{668C34D7-2D2E-4F8E-98D2-DCAA36FF850C}.Deploy_Debug|Mixed Platforms.Build.0 = Debug|Any CPU
		{668C34D7-2D2E-4F8E-98D2-DCAA36FF850C}.Deploy_Debug|Win32.ActiveCfg = Debug|Any CPU
		{668C34D7-2D2E-4F8E-98D2-DCAA36FF850C}.Release|Any CPU.ActiveCfg = Release|Any CPU
		{668C34D7-2D2E-4F8E-98D2-DCAA36FF850C}.Release|Any CPU.Build.0 = Release|Any CPU
		{668C34D7-2D2E-4F8E-98D2-DCAA36FF850C}.Release|Mixed Platforms.ActiveCfg = Release|Any CPU
		{668C34D7-2D2E-4F8E-98D2-DCAA36FF850C}.Release|Mixed Platforms.Build.0 = Release|Any CPU
		{668C34D7-2D2E-4F8E-98D2-DCAA36FF850C}.Release|Win32.ActiveCfg = Release|Any CPU
		{EDB48F9D-0428-420B-B94F-B98E65AD1ADC}.Debug|Any CPU.ActiveCfg = Debug|Any CPU
		{EDB48F9D-0428-420B-B94F-B98E65AD1ADC}.Debug|Any CPU.Build.0 = Debug|Any CPU
		{EDB48F9D-0428-420B-B94F-B98E65AD1ADC}.Debug|Mixed Platforms.ActiveCfg = Debug|Any CPU
		{EDB48F9D-0428-420B-B94F-B98E65AD1ADC}.Debug|Mixed Platforms.Build.0 = Debug|Any CPU
		{EDB48F9D-0428-420B-B94F-B98E65AD1ADC}.Debug|Win32.ActiveCfg = Debug|Any CPU
		{EDB48F9D-0428-420B-B94F-B98E65AD1ADC}.Deploy_Debug|Any CPU.ActiveCfg = Debug|Any CPU
		{EDB48F9D-0428-420B-B94F-B98E65AD1ADC}.Deploy_Debug|Any CPU.Build.0 = Debug|Any CPU
		{EDB48F9D-0428-420B-B94F-B98E65AD1ADC}.Deploy_Debug|Mixed Platforms.ActiveCfg = Debug|Any CPU
		{EDB48F9D-0428-420B-B94F-B98E65AD1ADC}.Deploy_Debug|Mixed Platforms.Build.0 = Debug|Any CPU
		{EDB48F9D-0428-420B-B94F-B98E65AD1ADC}.Deploy_Debug|Win32.ActiveCfg = Debug|Any CPU
		{EDB48F9D-0428-420B-B94F-B98E65AD1ADC}.Release|Any CPU.ActiveCfg = Release|Any CPU
		{EDB48F9D-0428-420B-B94F-B98E65AD1ADC}.Release|Any CPU.Build.0 = Release|Any CPU
		{EDB48F9D-0428-420B-B94F-B98E65AD1ADC}.Release|Mixed Platforms.ActiveCfg = Release|Any CPU
		{EDB48F9D-0428-420B-B94F-B98E65AD1ADC}.Release|Mixed Platforms.Build.0 = Release|Any CPU
		{EDB48F9D-0428-420B-B94F-B98E65AD1ADC}.Release|Win32.ActiveCfg = Release|Any CPU
		{66D6CD5B-413F-45C1-AF3B-817E0BFD6EC7}.Debug|Any CPU.ActiveCfg = Debug|Any CPU
		{66D6CD5B-413F-45C1-AF3B-817E0BFD6EC7}.Debug|Any CPU.Build.0 = Debug|Any CPU
		{66D6CD5B-413F-45C1-AF3B-817E0BFD6EC7}.Debug|Mixed Platforms.ActiveCfg = Debug|Any CPU
		{66D6CD5B-413F-45C1-AF3B-817E0BFD6EC7}.Debug|Mixed Platforms.Build.0 = Debug|Any CPU
		{66D6CD5B-413F-45C1-AF3B-817E0BFD6EC7}.Debug|Win32.ActiveCfg = Debug|Any CPU
		{66D6CD5B-413F-45C1-AF3B-817E0BFD6EC7}.Deploy_Debug|Any CPU.ActiveCfg = Debug|Any CPU
		{66D6CD5B-413F-45C1-AF3B-817E0BFD6EC7}.Deploy_Debug|Any CPU.Build.0 = Debug|Any CPU
		{66D6CD5B-413F-45C1-AF3B-817E0BFD6EC7}.Deploy_Debug|Mixed Platforms.ActiveCfg = Debug|Any CPU
		{66D6CD5B-413F-45C1-AF3B-817E0BFD6EC7}.Deploy_Debug|Mixed Platforms.Build.0 = Debug|Any CPU
		{66D6CD5B-413F-45C1-AF3B-817E0BFD6EC7}.Deploy_Debug|Win32.ActiveCfg = Debug|Any CPU
		{66D6CD5B-413F-45C1-AF3B-817E0BFD6EC7}.Release|Any CPU.ActiveCfg = Release|Any CPU
		{66D6CD5B-413F-45C1-AF3B-817E0BFD6EC7}.Release|Any CPU.Build.0 = Release|Any CPU
		{66D6CD5B-413F-45C1-AF3B-817E0BFD6EC7}.Release|Mixed Platforms.ActiveCfg = Release|Any CPU
		{66D6CD5B-413F-45C1-AF3B-817E0BFD6EC7}.Release|Mixed Platforms.Build.0 = Release|Any CPU
		{66D6CD5B-413F-45C1-AF3B-817E0BFD6EC7}.Release|Win32.ActiveCfg = Release|Any CPU
		{4DFC8774-E67D-4EFF-9249-301C0D5EB158}.Debug|Any CPU.ActiveCfg = Debug|Any CPU
		{4DFC8774-E67D-4EFF-9249-301C0D5EB158}.Debug|Any CPU.Build.0 = Debug|Any CPU
		{4DFC8774-E67D-4EFF-9249-301C0D5EB158}.Debug|Mixed Platforms.ActiveCfg = Debug|Any CPU
		{4DFC8774-E67D-4EFF-9249-301C0D5EB158}.Debug|Mixed Platforms.Build.0 = Debug|Any CPU
		{4DFC8774-E67D-4EFF-9249-301C0D5EB158}.Debug|Win32.ActiveCfg = Debug|Any CPU
		{4DFC8774-E67D-4EFF-9249-301C0D5EB158}.Deploy_Debug|Any CPU.ActiveCfg = Deploy_Debug|Any CPU
		{4DFC8774-E67D-4EFF-9249-301C0D5EB158}.Deploy_Debug|Any CPU.Build.0 = Deploy_Debug|Any CPU
		{4DFC8774-E67D-4EFF-9249-301C0D5EB158}.Deploy_Debug|Mixed Platforms.ActiveCfg = Deploy_Debug|Any CPU
		{4DFC8774-E67D-4EFF-9249-301C0D5EB158}.Deploy_Debug|Mixed Platforms.Build.0 = Deploy_Debug|Any CPU
		{4DFC8774-E67D-4EFF-9249-301C0D5EB158}.Deploy_Debug|Win32.ActiveCfg = Deploy_Debug|Any CPU
		{4DFC8774-E67D-4EFF-9249-301C0D5EB158}.Release|Any CPU.ActiveCfg = Release|Any CPU
		{4DFC8774-E67D-4EFF-9249-301C0D5EB158}.Release|Any CPU.Build.0 = Release|Any CPU
		{4DFC8774-E67D-4EFF-9249-301C0D5EB158}.Release|Mixed Platforms.ActiveCfg = Release|Any CPU
		{4DFC8774-E67D-4EFF-9249-301C0D5EB158}.Release|Mixed Platforms.Build.0 = Release|Any CPU
		{4DFC8774-E67D-4EFF-9249-301C0D5EB158}.Release|Win32.ActiveCfg = Release|Any CPU
		{20FCCCAF-EF9B-48F8-9810-0365985AAEA2}.Debug|Any CPU.ActiveCfg = Debug|Any CPU
		{20FCCCAF-EF9B-48F8-9810-0365985AAEA2}.Debug|Any CPU.Build.0 = Debug|Any CPU
		{20FCCCAF-EF9B-48F8-9810-0365985AAEA2}.Debug|Mixed Platforms.ActiveCfg = Debug|Any CPU
		{20FCCCAF-EF9B-48F8-9810-0365985AAEA2}.Debug|Mixed Platforms.Build.0 = Debug|Any CPU
		{20FCCCAF-EF9B-48F8-9810-0365985AAEA2}.Debug|Win32.ActiveCfg = Debug|Any CPU
		{20FCCCAF-EF9B-48F8-9810-0365985AAEA2}.Deploy_Debug|Any CPU.ActiveCfg = Debug|Any CPU
		{20FCCCAF-EF9B-48F8-9810-0365985AAEA2}.Deploy_Debug|Any CPU.Build.0 = Debug|Any CPU
		{20FCCCAF-EF9B-48F8-9810-0365985AAEA2}.Deploy_Debug|Mixed Platforms.ActiveCfg = Debug|Any CPU
		{20FCCCAF-EF9B-48F8-9810-0365985AAEA2}.Deploy_Debug|Mixed Platforms.Build.0 = Debug|Any CPU
		{20FCCCAF-EF9B-48F8-9810-0365985AAEA2}.Deploy_Debug|Win32.ActiveCfg = Debug|Any CPU
		{20FCCCAF-EF9B-48F8-9810-0365985AAEA2}.Release|Any CPU.ActiveCfg = Release|Any CPU
		{20FCCCAF-EF9B-48F8-9810-0365985AAEA2}.Release|Any CPU.Build.0 = Release|Any CPU
		{20FCCCAF-EF9B-48F8-9810-0365985AAEA2}.Release|Mixed Platforms.ActiveCfg = Release|Any CPU
		{20FCCCAF-EF9B-48F8-9810-0365985AAEA2}.Release|Mixed Platforms.Build.0 = Release|Any CPU
		{20FCCCAF-EF9B-48F8-9810-0365985AAEA2}.Release|Win32.ActiveCfg = Release|Any CPU
	EndGlobalSection
	GlobalSection(SolutionProperties) = preSolution
		HideSolutionNode = FALSE
	EndGlobalSection
EndGlobal
