
Microsoft Visual Studio Solution File, Format Version 12.00
# Visual Studio 15
VisualStudioVersion = 15.0.27130.2024
MinimumVisualStudioVersion = 10.0.40219.1
Project("{FAE04EC0-301F-11D3-BF4B-00C04F79EFBC}") = "Drive API Quickstart", "Drive API Quickstart\Drive API Quickstart.csproj", "{0928A421-B945-4F71-AD17-FF8352197DE5}"
EndProject
Global
	GlobalSection(SolutionConfigurationPlatforms) = preSolution
		Debug|Any CPU = Debug|Any CPU
		Release|Any CPU = Release|Any CPU
	EndGlobalSection
	GlobalSection(ProjectConfigurationPlatforms) = postSolution
		{0928A421-B945-4F71-AD17-FF8352197DE5}.Debug|Any CPU.ActiveCfg = Debug|Any CPU
		{0928A421-B945-4F71-AD17-FF8352197DE5}.Debug|Any CPU.Build.0 = Debug|Any CPU
		{0928A421-B945-4F71-AD17-FF8352197DE5}.Release|Any CPU.ActiveCfg = Release|Any CPU
		{0928A421-B945-4F71-AD17-FF8352197DE5}.Release|Any CPU.Build.0 = Release|Any CPU
	EndGlobalSection
	GlobalSection(SolutionProperties) = preSolution
		HideSolutionNode = FALSE
	EndGlobalSection
	GlobalSection(ExtensibilityGlobals) = postSolution
		SolutionGuid = {02650361-5230-4F14-9D7F-DA4DD00D1CB9}
	EndGlobalSection
EndGlobal
